// !$*UTF8*$!
{
	archiveVersion = 1;
	classes = {
	};
	objectVersion = 55;
	objects = {

/* Begin PBXBuildFile section */
		F3D1A4D928C21F32000D4677 /* Networking.docc in Sources */ = {isa = PBXBuildFile; fileRef = F3D1A4D828C21F32000D4677 /* Networking.docc */; };
		F3D1A4DF28C21F32000D4677 /* Networking.framework in Frameworks */ = {isa = PBXBuildFile; fileRef = F3D1A4D428C21F32000D4677 /* Networking.framework */; };
		F3D1A4E428C21F32000D4677 /* NetworkingTests.swift in Sources */ = {isa = PBXBuildFile; fileRef = F3D1A4E328C21F32000D4677 /* NetworkingTests.swift */; };
		F3D1A4E528C21F32000D4677 /* Networking.h in Headers */ = {isa = PBXBuildFile; fileRef = F3D1A4D728C21F32000D4677 /* Networking.h */; settings = {ATTRIBUTES = (Public, ); }; };
		F3D1A4F228C21F91000D4677 /* MockWebservice.swift in Sources */ = {isa = PBXBuildFile; fileRef = F3D1A4F128C21F91000D4677 /* MockWebservice.swift */; };
		F3D1A50428C22875000D4677 /* Data.framework in Frameworks */ = {isa = PBXBuildFile; fileRef = F3D1A4FF28C22875000D4677 /* Data.framework */; };
		F3D1A50628C22876000D4677 /* Domain.framework in Frameworks */ = {isa = PBXBuildFile; fileRef = F3D1A50028C22875000D4677 /* Domain.framework */; };
		F3D1A50828C22876000D4677 /* Resources.framework in Frameworks */ = {isa = PBXBuildFile; fileRef = F3D1A50128C22875000D4677 /* Resources.framework */; };
		F3D1A50A28C22876000D4677 /* Services.framework in Frameworks */ = {isa = PBXBuildFile; fileRef = F3D1A50228C22875000D4677 /* Services.framework */; };
		F3D1A50C28C22876000D4677 /* Utility.framework in Frameworks */ = {isa = PBXBuildFile; fileRef = F3D1A50328C22875000D4677 /* Utility.framework */; };
		F3D1A50F28C22C3E000D4677 /* sign_up_person.json in Resources */ = {isa = PBXBuildFile; fileRef = F3D1A4FA28C222F5000D4677 /* sign_up_person.json */; };
		F3D1A51028C22C3E000D4677 /* sign_up_business.json in Resources */ = {isa = PBXBuildFile; fileRef = F3D1A4FB28C222F5000D4677 /* sign_up_business.json */; };
		F3D1A51428C22CD9000D4677 /* home.json in Resources */ = {isa = PBXBuildFile; fileRef = F3D1A51328C22CD9000D4677 /* home.json */; };
/* End PBXBuildFile section */

/* Begin PBXContainerItemProxy section */
		F3D1A4E028C21F32000D4677 /* PBXContainerItemProxy */ = {
			isa = PBXContainerItemProxy;
			containerPortal = F3D1A4CB28C21F31000D4677 /* Project object */;
			proxyType = 1;
			remoteGlobalIDString = F3D1A4D328C21F32000D4677;
			remoteInfo = Networking;
		};
/* End PBXContainerItemProxy section */

/* Begin PBXFileReference section */
		F3D1A4D428C21F32000D4677 /* Networking.framework */ = {isa = PBXFileReference; explicitFileType = wrapper.framework; includeInIndex = 0; path = Networking.framework; sourceTree = BUILT_PRODUCTS_DIR; };
		F3D1A4D728C21F32000D4677 /* Networking.h */ = {isa = PBXFileReference; lastKnownFileType = sourcecode.c.h; path = Networking.h; sourceTree = "<group>"; };
		F3D1A4D828C21F32000D4677 /* Networking.docc */ = {isa = PBXFileReference; lastKnownFileType = folder.documentationcatalog; path = Networking.docc; sourceTree = "<group>"; };
		F3D1A4DE28C21F32000D4677 /* NetworkingTests.xctest */ = {isa = PBXFileReference; explicitFileType = wrapper.cfbundle; includeInIndex = 0; path = NetworkingTests.xctest; sourceTree = BUILT_PRODUCTS_DIR; };
		F3D1A4E328C21F32000D4677 /* NetworkingTests.swift */ = {isa = PBXFileReference; lastKnownFileType = sourcecode.swift; path = NetworkingTests.swift; sourceTree = "<group>"; };
		F3D1A4F128C21F91000D4677 /* MockWebservice.swift */ = {isa = PBXFileReference; lastKnownFileType = sourcecode.swift; path = MockWebservice.swift; sourceTree = "<group>"; };
		F3D1A4FA28C222F5000D4677 /* sign_up_person.json */ = {isa = PBXFileReference; lastKnownFileType = text.json; path = sign_up_person.json; sourceTree = "<group>"; };
		F3D1A4FB28C222F5000D4677 /* sign_up_business.json */ = {isa = PBXFileReference; lastKnownFileType = text.json; path = sign_up_business.json; sourceTree = "<group>"; };
		F3D1A4FF28C22875000D4677 /* Data.framework */ = {isa = PBXFileReference; explicitFileType = wrapper.framework; path = Data.framework; sourceTree = BUILT_PRODUCTS_DIR; };
		F3D1A50028C22875000D4677 /* Domain.framework */ = {isa = PBXFileReference; explicitFileType = wrapper.framework; path = Domain.framework; sourceTree = BUILT_PRODUCTS_DIR; };
		F3D1A50128C22875000D4677 /* Resources.framework */ = {isa = PBXFileReference; explicitFileType = wrapper.framework; path = Resources.framework; sourceTree = BUILT_PRODUCTS_DIR; };
		F3D1A50228C22875000D4677 /* Services.framework */ = {isa = PBXFileReference; explicitFileType = wrapper.framework; path = Services.framework; sourceTree = BUILT_PRODUCTS_DIR; };
		F3D1A50328C22875000D4677 /* Utility.framework */ = {isa = PBXFileReference; explicitFileType = wrapper.framework; path = Utility.framework; sourceTree = BUILT_PRODUCTS_DIR; };
		F3D1A51328C22CD9000D4677 /* home.json */ = {isa = PBXFileReference; lastKnownFileType = text.json; path = home.json; sourceTree = "<group>"; };
/* End PBXFileReference section */

/* Begin PBXFrameworksBuildPhase section */
		F3D1A4D128C21F32000D4677 /* Frameworks */ = {
			isa = PBXFrameworksBuildPhase;
			buildActionMask = 2147483647;
			files = (
				F3D1A50628C22876000D4677 /* Domain.framework in Frameworks */,
				F3D1A50428C22875000D4677 /* Data.framework in Frameworks */,
				F3D1A50A28C22876000D4677 /* Services.framework in Frameworks */,
				F3D1A50C28C22876000D4677 /* Utility.framework in Frameworks */,
				F3D1A50828C22876000D4677 /* Resources.framework in Frameworks */,
			);
			runOnlyForDeploymentPostprocessing = 0;
		};
		F3D1A4DB28C21F32000D4677 /* Frameworks */ = {
			isa = PBXFrameworksBuildPhase;
			buildActionMask = 2147483647;
			files = (
				F3D1A4DF28C21F32000D4677 /* Networking.framework in Frameworks */,
			);
			runOnlyForDeploymentPostprocessing = 0;
		};
/* End PBXFrameworksBuildPhase section */

/* Begin PBXGroup section */
		F3D1A4CA28C21F31000D4677 = {
			isa = PBXGroup;
			children = (
				F3D1A4D628C21F32000D4677 /* Networking */,
				F3D1A4E228C21F32000D4677 /* NetworkingTests */,
				F3D1A4D528C21F32000D4677 /* Products */,
				F3D1A4FE28C22875000D4677 /* Frameworks */,
			);
			sourceTree = "<group>";
		};
		F3D1A4D528C21F32000D4677 /* Products */ = {
			isa = PBXGroup;
			children = (
				F3D1A4D428C21F32000D4677 /* Networking.framework */,
				F3D1A4DE28C21F32000D4677 /* NetworkingTests.xctest */,
			);
			name = Products;
			sourceTree = "<group>";
		};
		F3D1A4D628C21F32000D4677 /* Networking */ = {
			isa = PBXGroup;
			children = (
				F3D1A4FC28C222F5000D4677 /* MockService */,
				F3D1A4D728C21F32000D4677 /* Networking.h */,
				F3D1A4D828C21F32000D4677 /* Networking.docc */,
			);
			path = Networking;
			sourceTree = "<group>";
		};
		F3D1A4E228C21F32000D4677 /* NetworkingTests */ = {
			isa = PBXGroup;
			children = (
				F3D1A4E328C21F32000D4677 /* NetworkingTests.swift */,
			);
			path = NetworkingTests;
			sourceTree = "<group>";
		};
		F3D1A4FC28C222F5000D4677 /* MockService */ = {
			isa = PBXGroup;
			children = (
				F3D1A4F128C21F91000D4677 /* MockWebservice.swift */,
				F3D1A4FD28C222FD000D4677 /* MockResponses */,
			);
			path = MockService;
			sourceTree = "<group>";
		};
		F3D1A4FD28C222FD000D4677 /* MockResponses */ = {
			isa = PBXGroup;
			children = (
				F3D1A51228C22CC6000D4677 /* Home */,
				F3D1A51128C22CBB000D4677 /* SignUp */,
			);
			path = MockResponses;
			sourceTree = "<group>";
		};
		F3D1A4FE28C22875000D4677 /* Frameworks */ = {
			isa = PBXGroup;
			children = (
				F3D1A4FF28C22875000D4677 /* Data.framework */,
				F3D1A50028C22875000D4677 /* Domain.framework */,
				F3D1A50128C22875000D4677 /* Resources.framework */,
				F3D1A50228C22875000D4677 /* Services.framework */,
				F3D1A50328C22875000D4677 /* Utility.framework */,
			);
			name = Frameworks;
			sourceTree = "<group>";
		};
		F3D1A51128C22CBB000D4677 /* SignUp */ = {
			isa = PBXGroup;
			children = (
				F3D1A4FA28C222F5000D4677 /* sign_up_person.json */,
				F3D1A4FB28C222F5000D4677 /* sign_up_business.json */,
			);
			path = SignUp;
			sourceTree = "<group>";
		};
		F3D1A51228C22CC6000D4677 /* Home */ = {
			isa = PBXGroup;
			children = (
				F3D1A51328C22CD9000D4677 /* home.json */,
			);
			path = Home;
			sourceTree = "<group>";
		};
/* End PBXGroup section */

/* Begin PBXHeadersBuildPhase section */
		F3D1A4CF28C21F32000D4677 /* Headers */ = {
			isa = PBXHeadersBuildPhase;
			buildActionMask = 2147483647;
			files = (
				F3D1A4E528C21F32000D4677 /* Networking.h in Headers */,
			);
			runOnlyForDeploymentPostprocessing = 0;
		};
/* End PBXHeadersBuildPhase section */

/* Begin PBXNativeTarget section */
		F3D1A4D328C21F32000D4677 /* Networking */ = {
			isa = PBXNativeTarget;
			buildConfigurationList = F3D1A4E828C21F32000D4677 /* Build configuration list for PBXNativeTarget "Networking" */;
			buildPhases = (
				F3D1A4CF28C21F32000D4677 /* Headers */,
				F3D1A4D028C21F32000D4677 /* Sources */,
				F3D1A4D128C21F32000D4677 /* Frameworks */,
				F3D1A4D228C21F32000D4677 /* Resources */,
			);
			buildRules = (
			);
			dependencies = (
			);
			name = Networking;
			productName = Networking;
			productReference = F3D1A4D428C21F32000D4677 /* Networking.framework */;
			productType = "com.apple.product-type.framework";
		};
		F3D1A4DD28C21F32000D4677 /* NetworkingTests */ = {
			isa = PBXNativeTarget;
			buildConfigurationList = F3D1A4EB28C21F32000D4677 /* Build configuration list for PBXNativeTarget "NetworkingTests" */;
			buildPhases = (
				F3D1A4DA28C21F32000D4677 /* Sources */,
				F3D1A4DB28C21F32000D4677 /* Frameworks */,
				F3D1A4DC28C21F32000D4677 /* Resources */,
			);
			buildRules = (
			);
			dependencies = (
				F3D1A4E128C21F32000D4677 /* PBXTargetDependency */,
			);
			name = NetworkingTests;
			productName = NetworkingTests;
			productReference = F3D1A4DE28C21F32000D4677 /* NetworkingTests.xctest */;
			productType = "com.apple.product-type.bundle.unit-test";
		};
/* End PBXNativeTarget section */

/* Begin PBXProject section */
		F3D1A4CB28C21F31000D4677 /* Project object */ = {
			isa = PBXProject;
			attributes = {
				BuildIndependentTargetsInParallel = 1;
				LastSwiftUpdateCheck = 1340;
				LastUpgradeCheck = 1340;
				TargetAttributes = {
					F3D1A4D328C21F32000D4677 = {
						CreatedOnToolsVersion = 13.4.1;
					};
					F3D1A4DD28C21F32000D4677 = {
						CreatedOnToolsVersion = 13.4.1;
					};
				};
			};
			buildConfigurationList = F3D1A4CE28C21F31000D4677 /* Build configuration list for PBXProject "Networking" */;
			compatibilityVersion = "Xcode 13.0";
			developmentRegion = en;
			hasScannedForEncodings = 0;
			knownRegions = (
				en,
				Base,
			);
			mainGroup = F3D1A4CA28C21F31000D4677;
			productRefGroup = F3D1A4D528C21F32000D4677 /* Products */;
			projectDirPath = "";
			projectRoot = "";
			targets = (
				F3D1A4D328C21F32000D4677 /* Networking */,
				F3D1A4DD28C21F32000D4677 /* NetworkingTests */,
			);
		};
/* End PBXProject section */

/* Begin PBXResourcesBuildPhase section */
		F3D1A4D228C21F32000D4677 /* Resources */ = {
			isa = PBXResourcesBuildPhase;
			buildActionMask = 2147483647;
			files = (
				F3D1A50F28C22C3E000D4677 /* sign_up_person.json in Resources */,
				F3D1A51428C22CD9000D4677 /* home.json in Resources */,
				F3D1A51028C22C3E000D4677 /* sign_up_business.json in Resources */,
			);
			runOnlyForDeploymentPostprocessing = 0;
		};
		F3D1A4DC28C21F32000D4677 /* Resources */ = {
			isa = PBXResourcesBuildPhase;
			buildActionMask = 2147483647;
			files = (
			);
			runOnlyForDeploymentPostprocessing = 0;
		};
/* End PBXResourcesBuildPhase section */

/* Begin PBXSourcesBuildPhase section */
		F3D1A4D028C21F32000D4677 /* Sources */ = {
			isa = PBXSourcesBuildPhase;
			buildActionMask = 2147483647;
			files = (
				F3D1A4F228C21F91000D4677 /* MockWebservice.swift in Sources */,
				F3D1A4D928C21F32000D4677 /* Networking.docc in Sources */,
			);
			runOnlyForDeploymentPostprocessing = 0;
		};
		F3D1A4DA28C21F32000D4677 /* Sources */ = {
			isa = PBXSourcesBuildPhase;
			buildActionMask = 2147483647;
			files = (
				F3D1A4E428C21F32000D4677 /* NetworkingTests.swift in Sources */,
			);
			runOnlyForDeploymentPostprocessing = 0;
		};
/* End PBXSourcesBuildPhase section */

/* Begin PBXTargetDependency section */
		F3D1A4E128C21F32000D4677 /* PBXTargetDependency */ = {
			isa = PBXTargetDependency;
			target = F3D1A4D328C21F32000D4677 /* Networking */;
			targetProxy = F3D1A4E028C21F32000D4677 /* PBXContainerItemProxy */;
		};
/* End PBXTargetDependency section */

/* Begin XCBuildConfiguration section */
		F3D1A4E628C21F32000D4677 /* Debug */ = {
			isa = XCBuildConfiguration;
			buildSettings = {
				ALWAYS_SEARCH_USER_PATHS = NO;
				CLANG_ANALYZER_NONNULL = YES;
				CLANG_ANALYZER_NUMBER_OBJECT_CONVERSION = YES_AGGRESSIVE;
				CLANG_CXX_LANGUAGE_STANDARD = "gnu++17";
				CLANG_ENABLE_MODULES = YES;
				CLANG_ENABLE_OBJC_ARC = YES;
				CLANG_ENABLE_OBJC_WEAK = YES;
				CLANG_WARN_BLOCK_CAPTURE_AUTORELEASING = YES;
				CLANG_WARN_BOOL_CONVERSION = YES;
				CLANG_WARN_COMMA = YES;
				CLANG_WARN_CONSTANT_CONVERSION = YES;
				CLANG_WARN_DEPRECATED_OBJC_IMPLEMENTATIONS = YES;
				CLANG_WARN_DIRECT_OBJC_ISA_USAGE = YES_ERROR;
				CLANG_WARN_DOCUMENTATION_COMMENTS = YES;
				CLANG_WARN_EMPTY_BODY = YES;
				CLANG_WARN_ENUM_CONVERSION = YES;
				CLANG_WARN_INFINITE_RECURSION = YES;
				CLANG_WARN_INT_CONVERSION = YES;
				CLANG_WARN_NON_LITERAL_NULL_CONVERSION = YES;
				CLANG_WARN_OBJC_IMPLICIT_RETAIN_SELF = YES;
				CLANG_WARN_OBJC_LITERAL_CONVERSION = YES;
				CLANG_WARN_OBJC_ROOT_CLASS = YES_ERROR;
				CLANG_WARN_QUOTED_INCLUDE_IN_FRAMEWORK_HEADER = YES;
				CLANG_WARN_RANGE_LOOP_ANALYSIS = YES;
				CLANG_WARN_STRICT_PROTOTYPES = YES;
				CLANG_WARN_SUSPICIOUS_MOVE = YES;
				CLANG_WARN_UNGUARDED_AVAILABILITY = YES_AGGRESSIVE;
				CLANG_WARN_UNREACHABLE_CODE = YES;
				CLANG_WARN__DUPLICATE_METHOD_MATCH = YES;
				COPY_PHASE_STRIP = NO;
				CURRENT_PROJECT_VERSION = 1;
				DEBUG_INFORMATION_FORMAT = dwarf;
				ENABLE_STRICT_OBJC_MSGSEND = YES;
				ENABLE_TESTABILITY = YES;
				GCC_C_LANGUAGE_STANDARD = gnu11;
				GCC_DYNAMIC_NO_PIC = NO;
				GCC_NO_COMMON_BLOCKS = YES;
				GCC_OPTIMIZATION_LEVEL = 0;
				GCC_PREPROCESSOR_DEFINITIONS = (
					"DEBUG=1",
					"$(inherited)",
				);
				GCC_WARN_64_TO_32_BIT_CONVERSION = YES;
				GCC_WARN_ABOUT_RETURN_TYPE = YES_ERROR;
				GCC_WARN_UNDECLARED_SELECTOR = YES;
				GCC_WARN_UNINITIALIZED_AUTOS = YES_AGGRESSIVE;
				GCC_WARN_UNUSED_FUNCTION = YES;
				GCC_WARN_UNUSED_VARIABLE = YES;
				IPHONEOS_DEPLOYMENT_TARGET = 15.0;
				MTL_ENABLE_DEBUG_INFO = INCLUDE_SOURCE;
				MTL_FAST_MATH = YES;
				ONLY_ACTIVE_ARCH = YES;
				SDKROOT = iphoneos;
				SWIFT_ACTIVE_COMPILATION_CONDITIONS = DEBUG;
				SWIFT_OPTIMIZATION_LEVEL = "-Onone";
				VERSIONING_SYSTEM = "apple-generic";
				VERSION_INFO_PREFIX = "";
			};
			name = Debug;
		};
		F3D1A4E728C21F32000D4677 /* Release */ = {
			isa = XCBuildConfiguration;
			buildSettings = {
				ALWAYS_SEARCH_USER_PATHS = NO;
				CLANG_ANALYZER_NONNULL = YES;
				CLANG_ANALYZER_NUMBER_OBJECT_CONVERSION = YES_AGGRESSIVE;
				CLANG_CXX_LANGUAGE_STANDARD = "gnu++17";
				CLANG_ENABLE_MODULES = YES;
				CLANG_ENABLE_OBJC_ARC = YES;
				CLANG_ENABLE_OBJC_WEAK = YES;
				CLANG_WARN_BLOCK_CAPTURE_AUTORELEASING = YES;
				CLANG_WARN_BOOL_CONVERSION = YES;
				CLANG_WARN_COMMA = YES;
				CLANG_WARN_CONSTANT_CONVERSION = YES;
				CLANG_WARN_DEPRECATED_OBJC_IMPLEMENTATIONS = YES;
				CLANG_WARN_DIRECT_OBJC_ISA_USAGE = YES_ERROR;
				CLANG_WARN_DOCUMENTATION_COMMENTS = YES;
				CLANG_WARN_EMPTY_BODY = YES;
				CLANG_WARN_ENUM_CONVERSION = YES;
				CLANG_WARN_INFINITE_RECURSION = YES;
				CLANG_WARN_INT_CONVERSION = YES;
				CLANG_WARN_NON_LITERAL_NULL_CONVERSION = YES;
				CLANG_WARN_OBJC_IMPLICIT_RETAIN_SELF = YES;
				CLANG_WARN_OBJC_LITERAL_CONVERSION = YES;
				CLANG_WARN_OBJC_ROOT_CLASS = YES_ERROR;
				CLANG_WARN_QUOTED_INCLUDE_IN_FRAMEWORK_HEADER = YES;
				CLANG_WARN_RANGE_LOOP_ANALYSIS = YES;
				CLANG_WARN_STRICT_PROTOTYPES = YES;
				CLANG_WARN_SUSPICIOUS_MOVE = YES;
				CLANG_WARN_UNGUARDED_AVAILABILITY = YES_AGGRESSIVE;
				CLANG_WARN_UNREACHABLE_CODE = YES;
				CLANG_WARN__DUPLICATE_METHOD_MATCH = YES;
				COPY_PHASE_STRIP = NO;
				CURRENT_PROJECT_VERSION = 1;
				DEBUG_INFORMATION_FORMAT = "dwarf-with-dsym";
				ENABLE_NS_ASSERTIONS = NO;
				ENABLE_STRICT_OBJC_MSGSEND = YES;
				GCC_C_LANGUAGE_STANDARD = gnu11;
				GCC_NO_COMMON_BLOCKS = YES;
				GCC_WARN_64_TO_32_BIT_CONVERSION = YES;
				GCC_WARN_ABOUT_RETURN_TYPE = YES_ERROR;
				GCC_WARN_UNDECLARED_SELECTOR = YES;
				GCC_WARN_UNINITIALIZED_AUTOS = YES_AGGRESSIVE;
				GCC_WARN_UNUSED_FUNCTION = YES;
				GCC_WARN_UNUSED_VARIABLE = YES;
				IPHONEOS_DEPLOYMENT_TARGET = 15.0;
				MTL_ENABLE_DEBUG_INFO = NO;
				MTL_FAST_MATH = YES;
				SDKROOT = iphoneos;
				SWIFT_COMPILATION_MODE = wholemodule;
				SWIFT_OPTIMIZATION_LEVEL = "-O";
				VALIDATE_PRODUCT = YES;
				VERSIONING_SYSTEM = "apple-generic";
				VERSION_INFO_PREFIX = "";
			};
			name = Release;
		};
		F3D1A4E928C21F32000D4677 /* Debug */ = {
			isa = XCBuildConfiguration;
			buildSettings = {
				CODE_SIGN_STYLE = Automatic;
				CURRENT_PROJECT_VERSION = 1;
				DEFINES_MODULE = YES;
				DYLIB_COMPATIBILITY_VERSION = 1;
				DYLIB_CURRENT_VERSION = 1;
				DYLIB_INSTALL_NAME_BASE = "@rpath";
				GENERATE_INFOPLIST_FILE = YES;
				INFOPLIST_KEY_NSHumanReadableCopyright = "";
				INSTALL_PATH = "$(LOCAL_LIBRARY_DIR)/Frameworks";
				LD_RUNPATH_SEARCH_PATHS = (
					"$(inherited)",
					"@executable_path/Frameworks",
					"@loader_path/Frameworks",
				);
				MARKETING_VERSION = 1.0;
				PRODUCT_BUNDLE_IDENTIFIER = com.yourline.networking;
				PRODUCT_NAME = "$(TARGET_NAME:c99extidentifier)";
				SKIP_INSTALL = YES;
				SWIFT_EMIT_LOC_STRINGS = YES;
				SWIFT_VERSION = 5.0;
				TARGETED_DEVICE_FAMILY = "1,2";
			};
			name = Debug;
		};
		F3D1A4EA28C21F32000D4677 /* Release */ = {
			isa = XCBuildConfiguration;
			buildSettings = {
				CODE_SIGN_STYLE = Automatic;
				CURRENT_PROJECT_VERSION = 1;
				DEFINES_MODULE = YES;
				DYLIB_COMPATIBILITY_VERSION = 1;
				DYLIB_CURRENT_VERSION = 1;
				DYLIB_INSTALL_NAME_BASE = "@rpath";
				GENERATE_INFOPLIST_FILE = YES;
				INFOPLIST_KEY_NSHumanReadableCopyright = "";
				INSTALL_PATH = "$(LOCAL_LIBRARY_DIR)/Frameworks";
				LD_RUNPATH_SEARCH_PATHS = (
					"$(inherited)",
					"@executable_path/Frameworks",
					"@loader_path/Frameworks",
				);
				MARKETING_VERSION = 1.0;
				PRODUCT_BUNDLE_IDENTIFIER = com.yourline.networking;
				PRODUCT_NAME = "$(TARGET_NAME:c99extidentifier)";
				SKIP_INSTALL = YES;
				SWIFT_EMIT_LOC_STRINGS = YES;
				SWIFT_VERSION = 5.0;
				TARGETED_DEVICE_FAMILY = "1,2";
			};
			name = Release;
		};
		F3D1A4EC28C21F32000D4677 /* Debug */ = {
			isa = XCBuildConfiguration;
			buildSettings = {
				ALWAYS_EMBED_SWIFT_STANDARD_LIBRARIES = YES;
				CODE_SIGN_STYLE = Automatic;
				CURRENT_PROJECT_VERSION = 1;
				GENERATE_INFOPLIST_FILE = YES;
				MARKETING_VERSION = 1.0;
				PRODUCT_BUNDLE_IDENTIFIER = com.yourline.data.NetworkingTests;
				PRODUCT_NAME = "$(TARGET_NAME)";
				SWIFT_EMIT_LOC_STRINGS = NO;
				SWIFT_VERSION = 5.0;
				TARGETED_DEVICE_FAMILY = "1,2";
			};
			name = Debug;
		};
		F3D1A4ED28C21F32000D4677 /* Release */ = {
			isa = XCBuildConfiguration;
			buildSettings = {
				ALWAYS_EMBED_SWIFT_STANDARD_LIBRARIES = YES;
				CODE_SIGN_STYLE = Automatic;
				CURRENT_PROJECT_VERSION = 1;
				GENERATE_INFOPLIST_FILE = YES;
				MARKETING_VERSION = 1.0;
				PRODUCT_BUNDLE_IDENTIFIER = com.yourline.data.NetworkingTests;
				PRODUCT_NAME = "$(TARGET_NAME)";
				SWIFT_EMIT_LOC_STRINGS = NO;
				SWIFT_VERSION = 5.0;
				TARGETED_DEVICE_FAMILY = "1,2";
			};
			name = Release;
		};
/* End XCBuildConfiguration section */

/* Begin XCConfigurationList section */
		F3D1A4CE28C21F31000D4677 /* Build configuration list for PBXProject "Networking" */ = {
			isa = XCConfigurationList;
			buildConfigurations = (
				F3D1A4E628C21F32000D4677 /* Debug */,
				F3D1A4E728C21F32000D4677 /* Release */,
			);
			defaultConfigurationIsVisible = 0;
			defaultConfigurationName = Debug;
		};
		F3D1A4E828C21F32000D4677 /* Build configuration list for PBXNativeTarget "Networking" */ = {
			isa = XCConfigurationList;
			buildConfigurations = (
				F3D1A4E928C21F32000D4677 /* Debug */,
				F3D1A4EA28C21F32000D4677 /* Release */,
			);
			defaultConfigurationIsVisible = 0;
			defaultConfigurationName = Debug;
		};
		F3D1A4EB28C21F32000D4677 /* Build configuration list for PBXNativeTarget "NetworkingTests" */ = {
			isa = XCConfigurationList;
			buildConfigurations = (
				F3D1A4EC28C21F32000D4677 /* Debug */,
				F3D1A4ED28C21F32000D4677 /* Release */,
			);
			defaultConfigurationIsVisible = 0;
			defaultConfigurationName = Debug;
		};
/* End XCConfigurationList section */
	};
	rootObject = F3D1A4CB28C21F31000D4677 /* Project object */;
}
