// !$*UTF8*$!
{
	archiveVersion = 1;
	classes = {
	};
	objectVersion = 55;
	objects = {

/* Begin PBXBuildFile section */
		3207580CF5033F869944E4EA /* Pods_YourLine_YourLineUITests.framework in Frameworks */ = {isa = PBXBuildFile; fileRef = 1F3FBF9856B64495CD894047 /* Pods_YourLine_YourLineUITests.framework */; };
		75AC8C3B64C7744A08C1E05D /* Pods_YourLine.framework in Frameworks */ = {isa = PBXBuildFile; fileRef = C688A27FD193237DE55B9ED0 /* Pods_YourLine.framework */; };
		CFEE3D72D9B2BACB067CECF3 /* Pods_YourLineTests.framework in Frameworks */ = {isa = PBXBuildFile; fileRef = 97C4AB7DF134CF38C85C57F7 /* Pods_YourLineTests.framework */; };
		F31FCFA6285501E400399A35 /* Data.framework in Frameworks */ = {isa = PBXBuildFile; fileRef = F31FCFA1285501E300399A35 /* Data.framework */; };
		F31FCFA7285501E400399A35 /* Data.framework in Embed Frameworks */ = {isa = PBXBuildFile; fileRef = F31FCFA1285501E300399A35 /* Data.framework */; settings = {ATTRIBUTES = (CodeSignOnCopy, RemoveHeadersOnCopy, ); }; };
		F31FCFA8285501E400399A35 /* Domain.framework in Frameworks */ = {isa = PBXBuildFile; fileRef = F31FCFA2285501E300399A35 /* Domain.framework */; };
		F31FCFA9285501E400399A35 /* Domain.framework in Embed Frameworks */ = {isa = PBXBuildFile; fileRef = F31FCFA2285501E300399A35 /* Domain.framework */; settings = {ATTRIBUTES = (CodeSignOnCopy, RemoveHeadersOnCopy, ); }; };
		F31FCFAA285501E400399A35 /* Resources.framework in Frameworks */ = {isa = PBXBuildFile; fileRef = F31FCFA3285501E300399A35 /* Resources.framework */; };
		F31FCFAB285501E400399A35 /* Resources.framework in Embed Frameworks */ = {isa = PBXBuildFile; fileRef = F31FCFA3285501E300399A35 /* Resources.framework */; settings = {ATTRIBUTES = (CodeSignOnCopy, RemoveHeadersOnCopy, ); }; };
		F31FCFAC285501E400399A35 /* Services.framework in Frameworks */ = {isa = PBXBuildFile; fileRef = F31FCFA4285501E300399A35 /* Services.framework */; };
		F31FCFAD285501E400399A35 /* Services.framework in Embed Frameworks */ = {isa = PBXBuildFile; fileRef = F31FCFA4285501E300399A35 /* Services.framework */; settings = {ATTRIBUTES = (CodeSignOnCopy, RemoveHeadersOnCopy, ); }; };
		F31FCFAE285501E400399A35 /* Utility.framework in Frameworks */ = {isa = PBXBuildFile; fileRef = F31FCFA5285501E300399A35 /* Utility.framework */; };
		F31FCFAF285501E400399A35 /* Utility.framework in Embed Frameworks */ = {isa = PBXBuildFile; fileRef = F31FCFA5285501E300399A35 /* Utility.framework */; settings = {ATTRIBUTES = (CodeSignOnCopy, RemoveHeadersOnCopy, ); }; };
		F31FCFB12855038D00399A35 /* Presentation.framework in Frameworks */ = {isa = PBXBuildFile; fileRef = F31FCFB02855038D00399A35 /* Presentation.framework */; };
		F31FCFB22855039400399A35 /* Presentation.framework in Embed Frameworks */ = {isa = PBXBuildFile; fileRef = F31FCFB02855038D00399A35 /* Presentation.framework */; settings = {ATTRIBUTES = (CodeSignOnCopy, RemoveHeadersOnCopy, ); }; };
		F320148A28561E860032101B /* SignUpFieldsViewController.swift in Sources */ = {isa = PBXBuildFile; fileRef = F320148928561E860032101B /* SignUpFieldsViewController.swift */; };
		F320148C28561EC40032101B /* SignUpViewController.swift in Sources */ = {isa = PBXBuildFile; fileRef = F320148B28561EC40032101B /* SignUpViewController.swift */; };
		F320149228562EB70032101B /* EmailVerificationViewController.swift in Sources */ = {isa = PBXBuildFile; fileRef = F320149128562EB70032101B /* EmailVerificationViewController.swift */; };
		F323FECD28551BC3004C4FC9 /* SignUpRouter.swift in Sources */ = {isa = PBXBuildFile; fileRef = F323FEC928551BC3004C4FC9 /* SignUpRouter.swift */; };
		F323FECE28551BC3004C4FC9 /* SignUpViewProtocols.swift in Sources */ = {isa = PBXBuildFile; fileRef = F323FECA28551BC3004C4FC9 /* SignUpViewProtocols.swift */; };
		F323FECF28551BC3004C4FC9 /* SelectUserViewController.swift in Sources */ = {isa = PBXBuildFile; fileRef = F323FECB28551BC3004C4FC9 /* SelectUserViewController.swift */; };
		F323FED028551BC3004C4FC9 /* SignUpView.storyboard in Resources */ = {isa = PBXBuildFile; fileRef = F323FECC28551BC3004C4FC9 /* SignUpView.storyboard */; };
		F323FED228552813004C4FC9 /* CustomAssets.xcassets in Resources */ = {isa = PBXBuildFile; fileRef = F323FED128552813004C4FC9 /* CustomAssets.xcassets */; };
		F37C890A28097C4000F148EB /* AppDelegate.swift in Sources */ = {isa = PBXBuildFile; fileRef = F37C890928097C4000F148EB /* AppDelegate.swift */; };
		F37C890E28097C4000F148EB /* MainViewController.swift in Sources */ = {isa = PBXBuildFile; fileRef = F37C890D28097C4000F148EB /* MainViewController.swift */; };
		F37C891128097C4000F148EB /* Main.storyboard in Resources */ = {isa = PBXBuildFile; fileRef = F37C890F28097C4000F148EB /* Main.storyboard */; };
		F37C891428097C4000F148EB /* YourLine.xcdatamodeld in Sources */ = {isa = PBXBuildFile; fileRef = F37C891228097C4000F148EB /* YourLine.xcdatamodeld */; };
		F37C891628097C4400F148EB /* Assets.xcassets in Resources */ = {isa = PBXBuildFile; fileRef = F37C891528097C4400F148EB /* Assets.xcassets */; };
		F37C891928097C4400F148EB /* LaunchScreen.storyboard in Resources */ = {isa = PBXBuildFile; fileRef = F37C891728097C4400F148EB /* LaunchScreen.storyboard */; };
		F37C892428097C4400F148EB /* YourLineTests.swift in Sources */ = {isa = PBXBuildFile; fileRef = F37C892328097C4400F148EB /* YourLineTests.swift */; };
		F37C892E28097C4400F148EB /* YourLineUITests.swift in Sources */ = {isa = PBXBuildFile; fileRef = F37C892D28097C4400F148EB /* YourLineUITests.swift */; };
		F37C893028097C4400F148EB /* YourLineUITestsLaunchTests.swift in Sources */ = {isa = PBXBuildFile; fileRef = F37C892F28097C4400F148EB /* YourLineUITestsLaunchTests.swift */; };
		F3A361912832B6C200690696 /* FormViewRouter.swift in Sources */ = {isa = PBXBuildFile; fileRef = F3A361902832B6C200690696 /* FormViewRouter.swift */; };
		F3A521F628BCD7E1006A048B /* sign_up_person.json in Resources */ = {isa = PBXBuildFile; fileRef = F3A521F528BCD7E1006A048B /* sign_up_person.json */; };
		F3A521F828BCD7FB006A048B /* sign_up_business.json in Resources */ = {isa = PBXBuildFile; fileRef = F3A521F728BCD7FB006A048B /* sign_up_business.json */; };
		F3A521FA28BCD873006A048B /* SignUpFieldsViewModel.swift in Sources */ = {isa = PBXBuildFile; fileRef = F3A521F928BCD873006A048B /* SignUpFieldsViewModel.swift */; };
		F3A521FF28BCDD71006A048B /* SignUpConstants.swift in Sources */ = {isa = PBXBuildFile; fileRef = F3A521FE28BCDD71006A048B /* SignUpConstants.swift */; };
		F3A5220228BCDEFD006A048B /* SignUpInputFieldCell.swift in Sources */ = {isa = PBXBuildFile; fileRef = F3A5220128BCDEFD006A048B /* SignUpInputFieldCell.swift */; };
		F3A5220728BCFE66006A048B /* HomeViewController.swift in Sources */ = {isa = PBXBuildFile; fileRef = F3A5220628BCFE66006A048B /* HomeViewController.swift */; };
		F3A5220928BCFE6E006A048B /* HomeView.storyboard in Resources */ = {isa = PBXBuildFile; fileRef = F3A5220828BCFE6E006A048B /* HomeView.storyboard */; };
		F3A5220B28BCFFBA006A048B /* HomeSummaryCell.swift in Sources */ = {isa = PBXBuildFile; fileRef = F3A5220A28BCFFBA006A048B /* HomeSummaryCell.swift */; };
		F3A5220D28BD0156006A048B /* HomeViewRouter.swift in Sources */ = {isa = PBXBuildFile; fileRef = F3A5220C28BD0156006A048B /* HomeViewRouter.swift */; };
		F3AB7628280985B2002AF45D /* SignInViewController.swift in Sources */ = {isa = PBXBuildFile; fileRef = F3AB7627280985B2002AF45D /* SignInViewController.swift */; };
		F3AB762A280985BA002AF45D /* SignInView.storyboard in Resources */ = {isa = PBXBuildFile; fileRef = F3AB7629280985BA002AF45D /* SignInView.storyboard */; };
		F3AB762C280985C8002AF45D /* MainViewProtocols.swift in Sources */ = {isa = PBXBuildFile; fileRef = F3AB762B280985C8002AF45D /* MainViewProtocols.swift */; };
		F3AB762E280985CE002AF45D /* MainViewRouter.swift in Sources */ = {isa = PBXBuildFile; fileRef = F3AB762D280985CE002AF45D /* MainViewRouter.swift */; };
		F3AB7630280989C8002AF45D /* SignInProtocols.swift in Sources */ = {isa = PBXBuildFile; fileRef = F3AB762F280989C7002AF45D /* SignInProtocols.swift */; };
		F3AB7632280989CF002AF45D /* SignInRouter.swift in Sources */ = {isa = PBXBuildFile; fileRef = F3AB7631280989CF002AF45D /* SignInRouter.swift */; };
		F3AB763628098A50002AF45D /* Constants.swift in Sources */ = {isa = PBXBuildFile; fileRef = F3AB763528098A50002AF45D /* Constants.swift */; };
		F3D866732815984A00E574B0 /* SignInPresenter.swift in Sources */ = {isa = PBXBuildFile; fileRef = F3D866722815984A00E574B0 /* SignInPresenter.swift */; };
/* End PBXBuildFile section */

/* Begin PBXContainerItemProxy section */
		F37C892028097C4400F148EB /* PBXContainerItemProxy */ = {
			isa = PBXContainerItemProxy;
			containerPortal = F37C88FE28097C4000F148EB /* Project object */;
			proxyType = 1;
			remoteGlobalIDString = F37C890528097C4000F148EB;
			remoteInfo = "yourline-ios";
		};
		F37C892A28097C4400F148EB /* PBXContainerItemProxy */ = {
			isa = PBXContainerItemProxy;
			containerPortal = F37C88FE28097C4000F148EB /* Project object */;
			proxyType = 1;
			remoteGlobalIDString = F37C890528097C4000F148EB;
			remoteInfo = "yourline-ios";
		};
/* End PBXContainerItemProxy section */

/* Begin PBXCopyFilesBuildPhase section */
		F3D866682815912F00E574B0 /* Embed Frameworks */ = {
			isa = PBXCopyFilesBuildPhase;
			buildActionMask = 2147483647;
			dstPath = "";
			dstSubfolderSpec = 10;
			files = (
				F31FCFB22855039400399A35 /* Presentation.framework in Embed Frameworks */,
				F31FCFA9285501E400399A35 /* Domain.framework in Embed Frameworks */,
				F31FCFA7285501E400399A35 /* Data.framework in Embed Frameworks */,
				F31FCFAD285501E400399A35 /* Services.framework in Embed Frameworks */,
				F31FCFAF285501E400399A35 /* Utility.framework in Embed Frameworks */,
				F31FCFAB285501E400399A35 /* Resources.framework in Embed Frameworks */,
			);
			name = "Embed Frameworks";
			runOnlyForDeploymentPostprocessing = 0;
		};
/* End PBXCopyFilesBuildPhase section */

/* Begin PBXFileReference section */
		132E7B74848E6A557D95B8A5 /* Pods-YourLine-YourLineUITests.debug.xcconfig */ = {isa = PBXFileReference; includeInIndex = 1; lastKnownFileType = text.xcconfig; name = "Pods-YourLine-YourLineUITests.debug.xcconfig"; path = "Target Support Files/Pods-YourLine-YourLineUITests/Pods-YourLine-YourLineUITests.debug.xcconfig"; sourceTree = "<group>"; };
		1F3FBF9856B64495CD894047 /* Pods_YourLine_YourLineUITests.framework */ = {isa = PBXFileReference; explicitFileType = wrapper.framework; includeInIndex = 0; path = Pods_YourLine_YourLineUITests.framework; sourceTree = BUILT_PRODUCTS_DIR; };
		66FDE66C53514347F591A217 /* Pods-YourLine-YourLineUITests.release.xcconfig */ = {isa = PBXFileReference; includeInIndex = 1; lastKnownFileType = text.xcconfig; name = "Pods-YourLine-YourLineUITests.release.xcconfig"; path = "Target Support Files/Pods-YourLine-YourLineUITests/Pods-YourLine-YourLineUITests.release.xcconfig"; sourceTree = "<group>"; };
		852C6A584BFFFC61608D2BD9 /* Pods-YourLineTests.release.xcconfig */ = {isa = PBXFileReference; includeInIndex = 1; lastKnownFileType = text.xcconfig; name = "Pods-YourLineTests.release.xcconfig"; path = "Target Support Files/Pods-YourLineTests/Pods-YourLineTests.release.xcconfig"; sourceTree = "<group>"; };
		97C4AB7DF134CF38C85C57F7 /* Pods_YourLineTests.framework */ = {isa = PBXFileReference; explicitFileType = wrapper.framework; includeInIndex = 0; path = Pods_YourLineTests.framework; sourceTree = BUILT_PRODUCTS_DIR; };
		C688A27FD193237DE55B9ED0 /* Pods_YourLine.framework */ = {isa = PBXFileReference; explicitFileType = wrapper.framework; includeInIndex = 0; path = Pods_YourLine.framework; sourceTree = BUILT_PRODUCTS_DIR; };
		D0698A76A4D133DA97638648 /* Pods-YourLine.release.xcconfig */ = {isa = PBXFileReference; includeInIndex = 1; lastKnownFileType = text.xcconfig; name = "Pods-YourLine.release.xcconfig"; path = "Target Support Files/Pods-YourLine/Pods-YourLine.release.xcconfig"; sourceTree = "<group>"; };
		F31FCFA1285501E300399A35 /* Data.framework */ = {isa = PBXFileReference; explicitFileType = wrapper.framework; path = Data.framework; sourceTree = BUILT_PRODUCTS_DIR; };
		F31FCFA2285501E300399A35 /* Domain.framework */ = {isa = PBXFileReference; explicitFileType = wrapper.framework; path = Domain.framework; sourceTree = BUILT_PRODUCTS_DIR; };
		F31FCFA3285501E300399A35 /* Resources.framework */ = {isa = PBXFileReference; explicitFileType = wrapper.framework; path = Resources.framework; sourceTree = BUILT_PRODUCTS_DIR; };
		F31FCFA4285501E300399A35 /* Services.framework */ = {isa = PBXFileReference; explicitFileType = wrapper.framework; path = Services.framework; sourceTree = BUILT_PRODUCTS_DIR; };
		F31FCFA5285501E300399A35 /* Utility.framework */ = {isa = PBXFileReference; explicitFileType = wrapper.framework; path = Utility.framework; sourceTree = BUILT_PRODUCTS_DIR; };
		F31FCFB02855038D00399A35 /* Presentation.framework */ = {isa = PBXFileReference; explicitFileType = wrapper.framework; path = Presentation.framework; sourceTree = BUILT_PRODUCTS_DIR; };
		F320148928561E860032101B /* SignUpFieldsViewController.swift */ = {isa = PBXFileReference; lastKnownFileType = sourcecode.swift; path = SignUpFieldsViewController.swift; sourceTree = "<group>"; };
		F320148B28561EC40032101B /* SignUpViewController.swift */ = {isa = PBXFileReference; lastKnownFileType = sourcecode.swift; path = SignUpViewController.swift; sourceTree = "<group>"; };
		F320149128562EB70032101B /* EmailVerificationViewController.swift */ = {isa = PBXFileReference; lastKnownFileType = sourcecode.swift; path = EmailVerificationViewController.swift; sourceTree = "<group>"; };
		F323FEC928551BC3004C4FC9 /* SignUpRouter.swift */ = {isa = PBXFileReference; fileEncoding = 4; lastKnownFileType = sourcecode.swift; path = SignUpRouter.swift; sourceTree = "<group>"; };
		F323FECA28551BC3004C4FC9 /* SignUpViewProtocols.swift */ = {isa = PBXFileReference; fileEncoding = 4; lastKnownFileType = sourcecode.swift; path = SignUpViewProtocols.swift; sourceTree = "<group>"; };
		F323FECB28551BC3004C4FC9 /* SelectUserViewController.swift */ = {isa = PBXFileReference; fileEncoding = 4; lastKnownFileType = sourcecode.swift; path = SelectUserViewController.swift; sourceTree = "<group>"; };
		F323FECC28551BC3004C4FC9 /* SignUpView.storyboard */ = {isa = PBXFileReference; fileEncoding = 4; lastKnownFileType = file.storyboard; path = SignUpView.storyboard; sourceTree = "<group>"; };
		F323FED128552813004C4FC9 /* CustomAssets.xcassets */ = {isa = PBXFileReference; lastKnownFileType = folder.assetcatalog; name = CustomAssets.xcassets; path = ../../Resources/Resources/CustomAssets.xcassets; sourceTree = "<group>"; };
		F37C890628097C4000F148EB /* YourLine.app */ = {isa = PBXFileReference; explicitFileType = wrapper.application; includeInIndex = 0; path = YourLine.app; sourceTree = BUILT_PRODUCTS_DIR; };
		F37C890928097C4000F148EB /* AppDelegate.swift */ = {isa = PBXFileReference; lastKnownFileType = sourcecode.swift; path = AppDelegate.swift; sourceTree = "<group>"; };
		F37C890D28097C4000F148EB /* MainViewController.swift */ = {isa = PBXFileReference; lastKnownFileType = sourcecode.swift; path = MainViewController.swift; sourceTree = "<group>"; };
		F37C891028097C4000F148EB /* Base */ = {isa = PBXFileReference; lastKnownFileType = file.storyboard; name = Base; path = Base.lproj/Main.storyboard; sourceTree = "<group>"; };
		F37C891328097C4000F148EB /* yourline_ios.xcdatamodel */ = {isa = PBXFileReference; lastKnownFileType = wrapper.xcdatamodel; path = yourline_ios.xcdatamodel; sourceTree = "<group>"; };
		F37C891528097C4400F148EB /* Assets.xcassets */ = {isa = PBXFileReference; lastKnownFileType = folder.assetcatalog; path = Assets.xcassets; sourceTree = "<group>"; };
		F37C891828097C4400F148EB /* Base */ = {isa = PBXFileReference; lastKnownFileType = file.storyboard; name = Base; path = Base.lproj/LaunchScreen.storyboard; sourceTree = "<group>"; };
		F37C891A28097C4400F148EB /* Info.plist */ = {isa = PBXFileReference; lastKnownFileType = text.plist.xml; path = Info.plist; sourceTree = "<group>"; };
		F37C891F28097C4400F148EB /* YourLineTests.xctest */ = {isa = PBXFileReference; explicitFileType = wrapper.cfbundle; includeInIndex = 0; path = YourLineTests.xctest; sourceTree = BUILT_PRODUCTS_DIR; };
		F37C892328097C4400F148EB /* YourLineTests.swift */ = {isa = PBXFileReference; lastKnownFileType = sourcecode.swift; path = YourLineTests.swift; sourceTree = "<group>"; };
		F37C892928097C4400F148EB /* YourLineUITests.xctest */ = {isa = PBXFileReference; explicitFileType = wrapper.cfbundle; includeInIndex = 0; path = YourLineUITests.xctest; sourceTree = BUILT_PRODUCTS_DIR; };
		F37C892D28097C4400F148EB /* YourLineUITests.swift */ = {isa = PBXFileReference; lastKnownFileType = sourcecode.swift; path = YourLineUITests.swift; sourceTree = "<group>"; };
		F37C892F28097C4400F148EB /* YourLineUITestsLaunchTests.swift */ = {isa = PBXFileReference; lastKnownFileType = sourcecode.swift; path = YourLineUITestsLaunchTests.swift; sourceTree = "<group>"; };
		F3A361902832B6C200690696 /* FormViewRouter.swift */ = {isa = PBXFileReference; lastKnownFileType = sourcecode.swift; path = FormViewRouter.swift; sourceTree = "<group>"; };
		F3A521F528BCD7E1006A048B /* sign_up_person.json */ = {isa = PBXFileReference; lastKnownFileType = text.json; path = sign_up_person.json; sourceTree = "<group>"; };
		F3A521F728BCD7FB006A048B /* sign_up_business.json */ = {isa = PBXFileReference; lastKnownFileType = text.json; path = sign_up_business.json; sourceTree = "<group>"; };
		F3A521F928BCD873006A048B /* SignUpFieldsViewModel.swift */ = {isa = PBXFileReference; lastKnownFileType = sourcecode.swift; path = SignUpFieldsViewModel.swift; sourceTree = "<group>"; };
		F3A521FE28BCDD71006A048B /* SignUpConstants.swift */ = {isa = PBXFileReference; lastKnownFileType = sourcecode.swift; path = SignUpConstants.swift; sourceTree = "<group>"; };
		F3A5220128BCDEFD006A048B /* SignUpInputFieldCell.swift */ = {isa = PBXFileReference; lastKnownFileType = sourcecode.swift; path = SignUpInputFieldCell.swift; sourceTree = "<group>"; };
		F3A5220628BCFE66006A048B /* HomeViewController.swift */ = {isa = PBXFileReference; lastKnownFileType = sourcecode.swift; path = HomeViewController.swift; sourceTree = "<group>"; };
		F3A5220828BCFE6E006A048B /* HomeView.storyboard */ = {isa = PBXFileReference; lastKnownFileType = file.storyboard; path = HomeView.storyboard; sourceTree = "<group>"; };
		F3A5220A28BCFFBA006A048B /* HomeSummaryCell.swift */ = {isa = PBXFileReference; lastKnownFileType = sourcecode.swift; path = HomeSummaryCell.swift; sourceTree = "<group>"; };
		F3A5220C28BD0156006A048B /* HomeViewRouter.swift */ = {isa = PBXFileReference; lastKnownFileType = sourcecode.swift; path = HomeViewRouter.swift; sourceTree = "<group>"; };
		F3AB7627280985B2002AF45D /* SignInViewController.swift */ = {isa = PBXFileReference; lastKnownFileType = sourcecode.swift; path = SignInViewController.swift; sourceTree = "<group>"; };
		F3AB7629280985BA002AF45D /* SignInView.storyboard */ = {isa = PBXFileReference; lastKnownFileType = file.storyboard; path = SignInView.storyboard; sourceTree = "<group>"; };
		F3AB762B280985C8002AF45D /* MainViewProtocols.swift */ = {isa = PBXFileReference; lastKnownFileType = sourcecode.swift; path = MainViewProtocols.swift; sourceTree = "<group>"; };
		F3AB762D280985CE002AF45D /* MainViewRouter.swift */ = {isa = PBXFileReference; lastKnownFileType = sourcecode.swift; path = MainViewRouter.swift; sourceTree = "<group>"; };
		F3AB762F280989C7002AF45D /* SignInProtocols.swift */ = {isa = PBXFileReference; lastKnownFileType = sourcecode.swift; path = SignInProtocols.swift; sourceTree = "<group>"; };
		F3AB7631280989CF002AF45D /* SignInRouter.swift */ = {isa = PBXFileReference; lastKnownFileType = sourcecode.swift; path = SignInRouter.swift; sourceTree = "<group>"; };
		F3AB763528098A50002AF45D /* Constants.swift */ = {isa = PBXFileReference; lastKnownFileType = sourcecode.swift; path = Constants.swift; sourceTree = "<group>"; };
		F3D866722815984A00E574B0 /* SignInPresenter.swift */ = {isa = PBXFileReference; lastKnownFileType = sourcecode.swift; path = SignInPresenter.swift; sourceTree = "<group>"; };
		F582069CF3021214A30DF19C /* Pods-YourLineTests.debug.xcconfig */ = {isa = PBXFileReference; includeInIndex = 1; lastKnownFileType = text.xcconfig; name = "Pods-YourLineTests.debug.xcconfig"; path = "Target Support Files/Pods-YourLineTests/Pods-YourLineTests.debug.xcconfig"; sourceTree = "<group>"; };
		FCBB93033153565916ABA696 /* Pods-YourLine.debug.xcconfig */ = {isa = PBXFileReference; includeInIndex = 1; lastKnownFileType = text.xcconfig; name = "Pods-YourLine.debug.xcconfig"; path = "Target Support Files/Pods-YourLine/Pods-YourLine.debug.xcconfig"; sourceTree = "<group>"; };
/* End PBXFileReference section */

/* Begin PBXFrameworksBuildPhase section */
		F37C890328097C4000F148EB /* Frameworks */ = {
			isa = PBXFrameworksBuildPhase;
			buildActionMask = 2147483647;
			files = (
				F31FCFB12855038D00399A35 /* Presentation.framework in Frameworks */,
				F31FCFA8285501E400399A35 /* Domain.framework in Frameworks */,
				F31FCFA6285501E400399A35 /* Data.framework in Frameworks */,
				F31FCFAC285501E400399A35 /* Services.framework in Frameworks */,
				F31FCFAE285501E400399A35 /* Utility.framework in Frameworks */,
				F31FCFAA285501E400399A35 /* Resources.framework in Frameworks */,
				75AC8C3B64C7744A08C1E05D /* Pods_YourLine.framework in Frameworks */,
			);
			runOnlyForDeploymentPostprocessing = 0;
		};
		F37C891C28097C4400F148EB /* Frameworks */ = {
			isa = PBXFrameworksBuildPhase;
			buildActionMask = 2147483647;
			files = (
				CFEE3D72D9B2BACB067CECF3 /* Pods_YourLineTests.framework in Frameworks */,
			);
			runOnlyForDeploymentPostprocessing = 0;
		};
		F37C892628097C4400F148EB /* Frameworks */ = {
			isa = PBXFrameworksBuildPhase;
			buildActionMask = 2147483647;
			files = (
				3207580CF5033F869944E4EA /* Pods_YourLine_YourLineUITests.framework in Frameworks */,
			);
			runOnlyForDeploymentPostprocessing = 0;
		};
/* End PBXFrameworksBuildPhase section */

/* Begin PBXGroup section */
		BADD6D3CB38D423F6B400891 /* Pods */ = {
			isa = PBXGroup;
			children = (
				FCBB93033153565916ABA696 /* Pods-YourLine.debug.xcconfig */,
				D0698A76A4D133DA97638648 /* Pods-YourLine.release.xcconfig */,
				132E7B74848E6A557D95B8A5 /* Pods-YourLine-YourLineUITests.debug.xcconfig */,
				66FDE66C53514347F591A217 /* Pods-YourLine-YourLineUITests.release.xcconfig */,
				F582069CF3021214A30DF19C /* Pods-YourLineTests.debug.xcconfig */,
				852C6A584BFFFC61608D2BD9 /* Pods-YourLineTests.release.xcconfig */,
			);
			path = Pods;
			sourceTree = "<group>";
		};
		F320148D285623660032101B /* SignUpJourney */ = {
			isa = PBXGroup;
			children = (
				F323FECB28551BC3004C4FC9 /* SelectUserViewController.swift */,
				F3A5220028BCDEC1006A048B /* SignUpFlowView */,
			);
			path = SignUpJourney;
			sourceTree = "<group>";
		};
		F320149028562A300032101B /* EmailVerification */ = {
			isa = PBXGroup;
			children = (
				F320149128562EB70032101B /* EmailVerificationViewController.swift */,
			);
			path = EmailVerification;
			sourceTree = "<group>";
		};
		F323FEAA28551942004C4FC9 /* FormView */ = {
			isa = PBXGroup;
			children = (
				F3A361902832B6C200690696 /* FormViewRouter.swift */,
			);
			path = FormView;
			sourceTree = "<group>";
		};
		F323FEC828551BC3004C4FC9 /* SignUpView */ = {
			isa = PBXGroup;
			children = (
				F3A521FE28BCDD71006A048B /* SignUpConstants.swift */,
				F323FECA28551BC3004C4FC9 /* SignUpViewProtocols.swift */,
				F323FEC928551BC3004C4FC9 /* SignUpRouter.swift */,
				F320148B28561EC40032101B /* SignUpViewController.swift */,
				F323FECC28551BC3004C4FC9 /* SignUpView.storyboard */,
				F320148D285623660032101B /* SignUpJourney */,
				F320149028562A300032101B /* EmailVerification */,
			);
			path = SignUpView;
			sourceTree = "<group>";
		};
		F37C88FD28097C4000F148EB = {
			isa = PBXGroup;
			children = (
				F3A521F428BCD7C1006A048B /* MockService */,
				F37C890828097C4000F148EB /* YourLine */,
				F37C892228097C4400F148EB /* YourLineTests */,
				F37C892C28097C4400F148EB /* YourLineUITests */,
				F37C890728097C4000F148EB /* Products */,
				F3F499ED281588F000BD71CE /* Frameworks */,
				BADD6D3CB38D423F6B400891 /* Pods */,
			);
			sourceTree = "<group>";
		};
		F37C890728097C4000F148EB /* Products */ = {
			isa = PBXGroup;
			children = (
				F37C890628097C4000F148EB /* YourLine.app */,
				F37C891F28097C4400F148EB /* YourLineTests.xctest */,
				F37C892928097C4400F148EB /* YourLineUITests.xctest */,
			);
			name = Products;
			sourceTree = "<group>";
		};
		F37C890828097C4000F148EB /* YourLine */ = {
			isa = PBXGroup;
			children = (
				F37C890928097C4000F148EB /* AppDelegate.swift */,
				F3AB763528098A50002AF45D /* Constants.swift */,
				F3AB76242809852E002AF45D /* Views */,
				F37C891528097C4400F148EB /* Assets.xcassets */,
				F323FED128552813004C4FC9 /* CustomAssets.xcassets */,
				F37C891728097C4400F148EB /* LaunchScreen.storyboard */,
				F37C891A28097C4400F148EB /* Info.plist */,
				F37C891228097C4000F148EB /* YourLine.xcdatamodeld */,
			);
			path = YourLine;
			sourceTree = "<group>";
		};
		F37C892228097C4400F148EB /* YourLineTests */ = {
			isa = PBXGroup;
			children = (
				F37C892328097C4400F148EB /* YourLineTests.swift */,
			);
			path = YourLineTests;
			sourceTree = "<group>";
		};
		F37C892C28097C4400F148EB /* YourLineUITests */ = {
			isa = PBXGroup;
			children = (
				F37C892D28097C4400F148EB /* YourLineUITests.swift */,
				F37C892F28097C4400F148EB /* YourLineUITestsLaunchTests.swift */,
			);
			path = YourLineUITests;
			sourceTree = "<group>";
		};
		F3A521F428BCD7C1006A048B /* MockService */ = {
			isa = PBXGroup;
			children = (
				F3A521F528BCD7E1006A048B /* sign_up_person.json */,
				F3A521F728BCD7FB006A048B /* sign_up_business.json */,
			);
			path = MockService;
			sourceTree = "<group>";
		};
		F3A5220028BCDEC1006A048B /* SignUpFlowView */ = {
			isa = PBXGroup;
			children = (
				F320148928561E860032101B /* SignUpFieldsViewController.swift */,
				F3A5220128BCDEFD006A048B /* SignUpInputFieldCell.swift */,
				F3A521F928BCD873006A048B /* SignUpFieldsViewModel.swift */,
			);
			path = SignUpFlowView;
			sourceTree = "<group>";
		};
		F3A5220528BCFE49006A048B /* HomeView */ = {
			isa = PBXGroup;
			children = (
				F3A5220C28BD0156006A048B /* HomeViewRouter.swift */,
				F3A5220628BCFE66006A048B /* HomeViewController.swift */,
				F3A5220A28BCFFBA006A048B /* HomeSummaryCell.swift */,
				F3A5220828BCFE6E006A048B /* HomeView.storyboard */,
			);
			path = HomeView;
			sourceTree = "<group>";
		};
		F3AB76242809852E002AF45D /* Views */ = {
			isa = PBXGroup;
			children = (
				F3AB76252809853B002AF45D /* MainView */,
				F3AB762628098553002AF45D /* SignView */,
				F323FEC828551BC3004C4FC9 /* SignUpView */,
				F323FEAA28551942004C4FC9 /* FormView */,
				F3A5220528BCFE49006A048B /* HomeView */,
			);
			path = Views;
			sourceTree = "<group>";
		};
		F3AB76252809853B002AF45D /* MainView */ = {
			isa = PBXGroup;
			children = (
				F3AB762B280985C8002AF45D /* MainViewProtocols.swift */,
				F3AB762D280985CE002AF45D /* MainViewRouter.swift */,
				F37C890D28097C4000F148EB /* MainViewController.swift */,
				F37C890F28097C4000F148EB /* Main.storyboard */,
			);
			path = MainView;
			sourceTree = "<group>";
		};
		F3AB762628098553002AF45D /* SignView */ = {
			isa = PBXGroup;
			children = (
				F3AB762F280989C7002AF45D /* SignInProtocols.swift */,
				F3AB7631280989CF002AF45D /* SignInRouter.swift */,
				F3D866722815984A00E574B0 /* SignInPresenter.swift */,
				F3AB7627280985B2002AF45D /* SignInViewController.swift */,
				F3AB7629280985BA002AF45D /* SignInView.storyboard */,
			);
			path = SignView;
			sourceTree = "<group>";
		};
		F3F499ED281588F000BD71CE /* Frameworks */ = {
			isa = PBXGroup;
			children = (
				F31FCFB02855038D00399A35 /* Presentation.framework */,
				F31FCFA1285501E300399A35 /* Data.framework */,
				F31FCFA2285501E300399A35 /* Domain.framework */,
				F31FCFA3285501E300399A35 /* Resources.framework */,
				F31FCFA4285501E300399A35 /* Services.framework */,
				F31FCFA5285501E300399A35 /* Utility.framework */,
				C688A27FD193237DE55B9ED0 /* Pods_YourLine.framework */,
				1F3FBF9856B64495CD894047 /* Pods_YourLine_YourLineUITests.framework */,
				97C4AB7DF134CF38C85C57F7 /* Pods_YourLineTests.framework */,
			);
			name = Frameworks;
			sourceTree = "<group>";
		};
/* End PBXGroup section */

/* Begin PBXNativeTarget section */
		F37C890528097C4000F148EB /* YourLine */ = {
			isa = PBXNativeTarget;
			buildConfigurationList = F37C893328097C4400F148EB /* Build configuration list for PBXNativeTarget "YourLine" */;
			buildPhases = (
				8E13E6388AF09D100D8444CA /* [CP] Check Pods Manifest.lock */,
				F37C890228097C4000F148EB /* Sources */,
				F37C890328097C4000F148EB /* Frameworks */,
				F37C890428097C4000F148EB /* Resources */,
				F3D866682815912F00E574B0 /* Embed Frameworks */,
				4488B0DCB5BB8A33DDA4F68E /* [CP] Embed Pods Frameworks */,
			);
			buildRules = (
			);
			dependencies = (
			);
			name = YourLine;
			productName = "yourline-ios";
			productReference = F37C890628097C4000F148EB /* YourLine.app */;
			productType = "com.apple.product-type.application";
		};
		F37C891E28097C4400F148EB /* YourLineTests */ = {
			isa = PBXNativeTarget;
			buildConfigurationList = F37C893628097C4400F148EB /* Build configuration list for PBXNativeTarget "YourLineTests" */;
			buildPhases = (
				65170660B2C62A93EAEA9DB2 /* [CP] Check Pods Manifest.lock */,
				F37C891B28097C4400F148EB /* Sources */,
				F37C891C28097C4400F148EB /* Frameworks */,
				F37C891D28097C4400F148EB /* Resources */,
			);
			buildRules = (
			);
			dependencies = (
				F37C892128097C4400F148EB /* PBXTargetDependency */,
			);
			name = YourLineTests;
			productName = "yourline-iosTests";
			productReference = F37C891F28097C4400F148EB /* YourLineTests.xctest */;
			productType = "com.apple.product-type.bundle.unit-test";
		};
		F37C892828097C4400F148EB /* YourLineUITests */ = {
			isa = PBXNativeTarget;
			buildConfigurationList = F37C893928097C4400F148EB /* Build configuration list for PBXNativeTarget "YourLineUITests" */;
			buildPhases = (
				C8A3A7B9FFC4598CB3BAE791 /* [CP] Check Pods Manifest.lock */,
				F37C892528097C4400F148EB /* Sources */,
				F37C892628097C4400F148EB /* Frameworks */,
				F37C892728097C4400F148EB /* Resources */,
				94CD4A9805F2EF3EE8102596 /* [CP] Embed Pods Frameworks */,
			);
			buildRules = (
			);
			dependencies = (
				F37C892B28097C4400F148EB /* PBXTargetDependency */,
			);
			name = YourLineUITests;
			productName = "yourline-iosUITests";
			productReference = F37C892928097C4400F148EB /* YourLineUITests.xctest */;
			productType = "com.apple.product-type.bundle.ui-testing";
		};
/* End PBXNativeTarget section */

/* Begin PBXProject section */
		F37C88FE28097C4000F148EB /* Project object */ = {
			isa = PBXProject;
			attributes = {
				BuildIndependentTargetsInParallel = 1;
				LastSwiftUpdateCheck = 1330;
				LastUpgradeCheck = 1330;
				TargetAttributes = {
					F37C890528097C4000F148EB = {
						CreatedOnToolsVersion = 13.3;
					};
					F37C891E28097C4400F148EB = {
						CreatedOnToolsVersion = 13.3;
						TestTargetID = F37C890528097C4000F148EB;
					};
					F37C892828097C4400F148EB = {
						CreatedOnToolsVersion = 13.3;
						TestTargetID = F37C890528097C4000F148EB;
					};
				};
			};
			buildConfigurationList = F37C890128097C4000F148EB /* Build configuration list for PBXProject "YourLine" */;
			compatibilityVersion = "Xcode 13.0";
			developmentRegion = en;
			hasScannedForEncodings = 0;
			knownRegions = (
				en,
				Base,
			);
			mainGroup = F37C88FD28097C4000F148EB;
			productRefGroup = F37C890728097C4000F148EB /* Products */;
			projectDirPath = "";
			projectRoot = "";
			targets = (
				F37C890528097C4000F148EB /* YourLine */,
				F37C891E28097C4400F148EB /* YourLineTests */,
				F37C892828097C4400F148EB /* YourLineUITests */,
			);
		};
/* End PBXProject section */

/* Begin PBXResourcesBuildPhase section */
		F37C890428097C4000F148EB /* Resources */ = {
			isa = PBXResourcesBuildPhase;
			buildActionMask = 2147483647;
			files = (
				F3A5220928BCFE6E006A048B /* HomeView.storyboard in Resources */,
				F3A521F828BCD7FB006A048B /* sign_up_business.json in Resources */,
				F37C891928097C4400F148EB /* LaunchScreen.storyboard in Resources */,
				F37C891628097C4400F148EB /* Assets.xcassets in Resources */,
				F323FED028551BC3004C4FC9 /* SignUpView.storyboard in Resources */,
				F323FED228552813004C4FC9 /* CustomAssets.xcassets in Resources */,
				F37C891128097C4000F148EB /* Main.storyboard in Resources */,
				F3AB762A280985BA002AF45D /* SignInView.storyboard in Resources */,
				F3A521F628BCD7E1006A048B /* sign_up_person.json in Resources */,
			);
			runOnlyForDeploymentPostprocessing = 0;
		};
		F37C891D28097C4400F148EB /* Resources */ = {
			isa = PBXResourcesBuildPhase;
			buildActionMask = 2147483647;
			files = (
			);
			runOnlyForDeploymentPostprocessing = 0;
		};
		F37C892728097C4400F148EB /* Resources */ = {
			isa = PBXResourcesBuildPhase;
			buildActionMask = 2147483647;
			files = (
			);
			runOnlyForDeploymentPostprocessing = 0;
		};
/* End PBXResourcesBuildPhase section */

/* Begin PBXShellScriptBuildPhase section */
		4488B0DCB5BB8A33DDA4F68E /* [CP] Embed Pods Frameworks */ = {
			isa = PBXShellScriptBuildPhase;
			buildActionMask = 2147483647;
			files = (
			);
			inputFileListPaths = (
				"${PODS_ROOT}/Target Support Files/Pods-YourLine/Pods-YourLine-frameworks-${CONFIGURATION}-input-files.xcfilelist",
			);
			name = "[CP] Embed Pods Frameworks";
			outputFileListPaths = (
				"${PODS_ROOT}/Target Support Files/Pods-YourLine/Pods-YourLine-frameworks-${CONFIGURATION}-output-files.xcfilelist",
			);
			runOnlyForDeploymentPostprocessing = 0;
			shellPath = /bin/sh;
			shellScript = "\"${PODS_ROOT}/Target Support Files/Pods-YourLine/Pods-YourLine-frameworks.sh\"\n";
			showEnvVarsInLog = 0;
		};
		65170660B2C62A93EAEA9DB2 /* [CP] Check Pods Manifest.lock */ = {
			isa = PBXShellScriptBuildPhase;
			buildActionMask = 2147483647;
			files = (
			);
			inputFileListPaths = (
			);
			inputPaths = (
				"${PODS_PODFILE_DIR_PATH}/Podfile.lock",
				"${PODS_ROOT}/Manifest.lock",
			);
			name = "[CP] Check Pods Manifest.lock";
			outputFileListPaths = (
			);
			outputPaths = (
				"$(DERIVED_FILE_DIR)/Pods-YourLineTests-checkManifestLockResult.txt",
			);
			runOnlyForDeploymentPostprocessing = 0;
			shellPath = /bin/sh;
			shellScript = "diff \"${PODS_PODFILE_DIR_PATH}/Podfile.lock\" \"${PODS_ROOT}/Manifest.lock\" > /dev/null\nif [ $? != 0 ] ; then\n    # print error to STDERR\n    echo \"error: The sandbox is not in sync with the Podfile.lock. Run 'pod install' or update your CocoaPods installation.\" >&2\n    exit 1\nfi\n# This output is used by Xcode 'outputs' to avoid re-running this script phase.\necho \"SUCCESS\" > \"${SCRIPT_OUTPUT_FILE_0}\"\n";
			showEnvVarsInLog = 0;
		};
		8E13E6388AF09D100D8444CA /* [CP] Check Pods Manifest.lock */ = {
			isa = PBXShellScriptBuildPhase;
			buildActionMask = 2147483647;
			files = (
			);
			inputFileListPaths = (
			);
			inputPaths = (
				"${PODS_PODFILE_DIR_PATH}/Podfile.lock",
				"${PODS_ROOT}/Manifest.lock",
			);
			name = "[CP] Check Pods Manifest.lock";
			outputFileListPaths = (
			);
			outputPaths = (
				"$(DERIVED_FILE_DIR)/Pods-YourLine-checkManifestLockResult.txt",
			);
			runOnlyForDeploymentPostprocessing = 0;
			shellPath = /bin/sh;
			shellScript = "diff \"${PODS_PODFILE_DIR_PATH}/Podfile.lock\" \"${PODS_ROOT}/Manifest.lock\" > /dev/null\nif [ $? != 0 ] ; then\n    # print error to STDERR\n    echo \"error: The sandbox is not in sync with the Podfile.lock. Run 'pod install' or update your CocoaPods installation.\" >&2\n    exit 1\nfi\n# This output is used by Xcode 'outputs' to avoid re-running this script phase.\necho \"SUCCESS\" > \"${SCRIPT_OUTPUT_FILE_0}\"\n";
			showEnvVarsInLog = 0;
		};
		94CD4A9805F2EF3EE8102596 /* [CP] Embed Pods Frameworks */ = {
			isa = PBXShellScriptBuildPhase;
			buildActionMask = 2147483647;
			files = (
			);
			inputFileListPaths = (
				"${PODS_ROOT}/Target Support Files/Pods-YourLine-YourLineUITests/Pods-YourLine-YourLineUITests-frameworks-${CONFIGURATION}-input-files.xcfilelist",
			);
			name = "[CP] Embed Pods Frameworks";
			outputFileListPaths = (
				"${PODS_ROOT}/Target Support Files/Pods-YourLine-YourLineUITests/Pods-YourLine-YourLineUITests-frameworks-${CONFIGURATION}-output-files.xcfilelist",
			);
			runOnlyForDeploymentPostprocessing = 0;
			shellPath = /bin/sh;
			shellScript = "\"${PODS_ROOT}/Target Support Files/Pods-YourLine-YourLineUITests/Pods-YourLine-YourLineUITests-frameworks.sh\"\n";
			showEnvVarsInLog = 0;
		};
		C8A3A7B9FFC4598CB3BAE791 /* [CP] Check Pods Manifest.lock */ = {
			isa = PBXShellScriptBuildPhase;
			buildActionMask = 2147483647;
			files = (
			);
			inputFileListPaths = (
			);
			inputPaths = (
				"${PODS_PODFILE_DIR_PATH}/Podfile.lock",
				"${PODS_ROOT}/Manifest.lock",
			);
			name = "[CP] Check Pods Manifest.lock";
			outputFileListPaths = (
			);
			outputPaths = (
				"$(DERIVED_FILE_DIR)/Pods-YourLine-YourLineUITests-checkManifestLockResult.txt",
			);
			runOnlyForDeploymentPostprocessing = 0;
			shellPath = /bin/sh;
			shellScript = "diff \"${PODS_PODFILE_DIR_PATH}/Podfile.lock\" \"${PODS_ROOT}/Manifest.lock\" > /dev/null\nif [ $? != 0 ] ; then\n    # print error to STDERR\n    echo \"error: The sandbox is not in sync with the Podfile.lock. Run 'pod install' or update your CocoaPods installation.\" >&2\n    exit 1\nfi\n# This output is used by Xcode 'outputs' to avoid re-running this script phase.\necho \"SUCCESS\" > \"${SCRIPT_OUTPUT_FILE_0}\"\n";
			showEnvVarsInLog = 0;
		};
/* End PBXShellScriptBuildPhase section */

/* Begin PBXSourcesBuildPhase section */
		F37C890228097C4000F148EB /* Sources */ = {
			isa = PBXSourcesBuildPhase;
			buildActionMask = 2147483647;
			files = (
				F323FECD28551BC3004C4FC9 /* SignUpRouter.swift in Sources */,
				F320148A28561E860032101B /* SignUpFieldsViewController.swift in Sources */,
				F3AB763628098A50002AF45D /* Constants.swift in Sources */,
				F3A5220B28BCFFBA006A048B /* HomeSummaryCell.swift in Sources */,
				F3AB7632280989CF002AF45D /* SignInRouter.swift in Sources */,
				F323FECF28551BC3004C4FC9 /* SelectUserViewController.swift in Sources */,
				F3A5220728BCFE66006A048B /* HomeViewController.swift in Sources */,
				F37C890E28097C4000F148EB /* MainViewController.swift in Sources */,
				F37C890A28097C4000F148EB /* AppDelegate.swift in Sources */,
				F323FECE28551BC3004C4FC9 /* SignUpViewProtocols.swift in Sources */,
				F37C891428097C4000F148EB /* YourLine.xcdatamodeld in Sources */,
				F3AB7628280985B2002AF45D /* SignInViewController.swift in Sources */,
				F320149228562EB70032101B /* EmailVerificationViewController.swift in Sources */,
				F320148C28561EC40032101B /* SignUpViewController.swift in Sources */,
				F3A361912832B6C200690696 /* FormViewRouter.swift in Sources */,
				F3AB7630280989C8002AF45D /* SignInProtocols.swift in Sources */,
				F3A5220D28BD0156006A048B /* HomeViewRouter.swift in Sources */,
				F3AB762E280985CE002AF45D /* MainViewRouter.swift in Sources */,
				F3A521FF28BCDD71006A048B /* SignUpConstants.swift in Sources */,
				F3D866732815984A00E574B0 /* SignInPresenter.swift in Sources */,
				F3AB762C280985C8002AF45D /* MainViewProtocols.swift in Sources */,
				F3A521FA28BCD873006A048B /* SignUpFieldsViewModel.swift in Sources */,
				F3A5220228BCDEFD006A048B /* SignUpInputFieldCell.swift in Sources */,
			);
			runOnlyForDeploymentPostprocessing = 0;
		};
		F37C891B28097C4400F148EB /* Sources */ = {
			isa = PBXSourcesBuildPhase;
			buildActionMask = 2147483647;
			files = (
				F37C892428097C4400F148EB /* YourLineTests.swift in Sources */,
			);
			runOnlyForDeploymentPostprocessing = 0;
		};
		F37C892528097C4400F148EB /* Sources */ = {
			isa = PBXSourcesBuildPhase;
			buildActionMask = 2147483647;
			files = (
				F37C892E28097C4400F148EB /* YourLineUITests.swift in Sources */,
				F37C893028097C4400F148EB /* YourLineUITestsLaunchTests.swift in Sources */,
			);
			runOnlyForDeploymentPostprocessing = 0;
		};
/* End PBXSourcesBuildPhase section */

/* Begin PBXTargetDependency section */
		F37C892128097C4400F148EB /* PBXTargetDependency */ = {
			isa = PBXTargetDependency;
			target = F37C890528097C4000F148EB /* YourLine */;
			targetProxy = F37C892028097C4400F148EB /* PBXContainerItemProxy */;
		};
		F37C892B28097C4400F148EB /* PBXTargetDependency */ = {
			isa = PBXTargetDependency;
			target = F37C890528097C4000F148EB /* YourLine */;
			targetProxy = F37C892A28097C4400F148EB /* PBXContainerItemProxy */;
		};
/* End PBXTargetDependency section */

/* Begin PBXVariantGroup section */
		F37C890F28097C4000F148EB /* Main.storyboard */ = {
			isa = PBXVariantGroup;
			children = (
				F37C891028097C4000F148EB /* Base */,
			);
			name = Main.storyboard;
			sourceTree = "<group>";
		};
		F37C891728097C4400F148EB /* LaunchScreen.storyboard */ = {
			isa = PBXVariantGroup;
			children = (
				F37C891828097C4400F148EB /* Base */,
			);
			name = LaunchScreen.storyboard;
			sourceTree = "<group>";
		};
/* End PBXVariantGroup section */

/* Begin XCBuildConfiguration section */
		F37C893128097C4400F148EB /* Debug */ = {
			isa = XCBuildConfiguration;
			buildSettings = {
				ALWAYS_SEARCH_USER_PATHS = NO;
				CLANG_ANALYZER_NONNULL = YES;
				CLANG_ANALYZER_NUMBER_OBJECT_CONVERSION = YES_AGGRESSIVE;
				CLANG_CXX_LANGUAGE_STANDARD = "gnu++17";
				CLANG_ENABLE_MODULES = YES;
				CLANG_ENABLE_OBJC_ARC = YES;
				CLANG_ENABLE_OBJC_WEAK = YES;
				CLANG_WARN_BLOCK_CAPTURE_AUTORELEASING = YES;
				CLANG_WARN_BOOL_CONVERSION = YES;
				CLANG_WARN_COMMA = YES;
				CLANG_WARN_CONSTANT_CONVERSION = YES;
				CLANG_WARN_DEPRECATED_OBJC_IMPLEMENTATIONS = YES;
				CLANG_WARN_DIRECT_OBJC_ISA_USAGE = YES_ERROR;
				CLANG_WARN_DOCUMENTATION_COMMENTS = YES;
				CLANG_WARN_EMPTY_BODY = YES;
				CLANG_WARN_ENUM_CONVERSION = YES;
				CLANG_WARN_INFINITE_RECURSION = YES;
				CLANG_WARN_INT_CONVERSION = YES;
				CLANG_WARN_NON_LITERAL_NULL_CONVERSION = YES;
				CLANG_WARN_OBJC_IMPLICIT_RETAIN_SELF = YES;
				CLANG_WARN_OBJC_LITERAL_CONVERSION = YES;
				CLANG_WARN_OBJC_ROOT_CLASS = YES_ERROR;
				CLANG_WARN_QUOTED_INCLUDE_IN_FRAMEWORK_HEADER = YES;
				CLANG_WARN_RANGE_LOOP_ANALYSIS = YES;
				CLANG_WARN_STRICT_PROTOTYPES = YES;
				CLANG_WARN_SUSPICIOUS_MOVE = YES;
				CLANG_WARN_UNGUARDED_AVAILABILITY = YES_AGGRESSIVE;
				CLANG_WARN_UNREACHABLE_CODE = YES;
				CLANG_WARN__DUPLICATE_METHOD_MATCH = YES;
				COPY_PHASE_STRIP = NO;
				DEBUG_INFORMATION_FORMAT = dwarf;
				ENABLE_STRICT_OBJC_MSGSEND = YES;
				ENABLE_TESTABILITY = YES;
				GCC_C_LANGUAGE_STANDARD = gnu11;
				GCC_DYNAMIC_NO_PIC = NO;
				GCC_NO_COMMON_BLOCKS = YES;
				GCC_OPTIMIZATION_LEVEL = 0;
				GCC_PREPROCESSOR_DEFINITIONS = (
					"DEBUG=1",
					"$(inherited)",
				);
				GCC_WARN_64_TO_32_BIT_CONVERSION = YES;
				GCC_WARN_ABOUT_RETURN_TYPE = YES_ERROR;
				GCC_WARN_UNDECLARED_SELECTOR = YES;
				GCC_WARN_UNINITIALIZED_AUTOS = YES_AGGRESSIVE;
				GCC_WARN_UNUSED_FUNCTION = YES;
				GCC_WARN_UNUSED_VARIABLE = YES;
				IPHONEOS_DEPLOYMENT_TARGET = 15.0;
				MTL_ENABLE_DEBUG_INFO = INCLUDE_SOURCE;
				MTL_FAST_MATH = YES;
				ONLY_ACTIVE_ARCH = YES;
				SDKROOT = iphoneos;
				SWIFT_ACTIVE_COMPILATION_CONDITIONS = DEBUG;
				SWIFT_OPTIMIZATION_LEVEL = "-Onone";
			};
			name = Debug;
		};
		F37C893228097C4400F148EB /* Release */ = {
			isa = XCBuildConfiguration;
			buildSettings = {
				ALWAYS_SEARCH_USER_PATHS = NO;
				CLANG_ANALYZER_NONNULL = YES;
				CLANG_ANALYZER_NUMBER_OBJECT_CONVERSION = YES_AGGRESSIVE;
				CLANG_CXX_LANGUAGE_STANDARD = "gnu++17";
				CLANG_ENABLE_MODULES = YES;
				CLANG_ENABLE_OBJC_ARC = YES;
				CLANG_ENABLE_OBJC_WEAK = YES;
				CLANG_WARN_BLOCK_CAPTURE_AUTORELEASING = YES;
				CLANG_WARN_BOOL_CONVERSION = YES;
				CLANG_WARN_COMMA = YES;
				CLANG_WARN_CONSTANT_CONVERSION = YES;
				CLANG_WARN_DEPRECATED_OBJC_IMPLEMENTATIONS = YES;
				CLANG_WARN_DIRECT_OBJC_ISA_USAGE = YES_ERROR;
				CLANG_WARN_DOCUMENTATION_COMMENTS = YES;
				CLANG_WARN_EMPTY_BODY = YES;
				CLANG_WARN_ENUM_CONVERSION = YES;
				CLANG_WARN_INFINITE_RECURSION = YES;
				CLANG_WARN_INT_CONVERSION = YES;
				CLANG_WARN_NON_LITERAL_NULL_CONVERSION = YES;
				CLANG_WARN_OBJC_IMPLICIT_RETAIN_SELF = YES;
				CLANG_WARN_OBJC_LITERAL_CONVERSION = YES;
				CLANG_WARN_OBJC_ROOT_CLASS = YES_ERROR;
				CLANG_WARN_QUOTED_INCLUDE_IN_FRAMEWORK_HEADER = YES;
				CLANG_WARN_RANGE_LOOP_ANALYSIS = YES;
				CLANG_WARN_STRICT_PROTOTYPES = YES;
				CLANG_WARN_SUSPICIOUS_MOVE = YES;
				CLANG_WARN_UNGUARDED_AVAILABILITY = YES_AGGRESSIVE;
				CLANG_WARN_UNREACHABLE_CODE = YES;
				CLANG_WARN__DUPLICATE_METHOD_MATCH = YES;
				COPY_PHASE_STRIP = NO;
				DEBUG_INFORMATION_FORMAT = "dwarf-with-dsym";
				ENABLE_NS_ASSERTIONS = NO;
				ENABLE_STRICT_OBJC_MSGSEND = YES;
				GCC_C_LANGUAGE_STANDARD = gnu11;
				GCC_NO_COMMON_BLOCKS = YES;
				GCC_WARN_64_TO_32_BIT_CONVERSION = YES;
				GCC_WARN_ABOUT_RETURN_TYPE = YES_ERROR;
				GCC_WARN_UNDECLARED_SELECTOR = YES;
				GCC_WARN_UNINITIALIZED_AUTOS = YES_AGGRESSIVE;
				GCC_WARN_UNUSED_FUNCTION = YES;
				GCC_WARN_UNUSED_VARIABLE = YES;
				IPHONEOS_DEPLOYMENT_TARGET = 15.0;
				MTL_ENABLE_DEBUG_INFO = NO;
				MTL_FAST_MATH = YES;
				SDKROOT = iphoneos;
				SWIFT_COMPILATION_MODE = wholemodule;
				SWIFT_OPTIMIZATION_LEVEL = "-O";
				VALIDATE_PRODUCT = YES;
			};
			name = Release;
		};
		F37C893428097C4400F148EB /* Debug */ = {
			isa = XCBuildConfiguration;
			baseConfigurationReference = FCBB93033153565916ABA696 /* Pods-YourLine.debug.xcconfig */;
			buildSettings = {
				ASSETCATALOG_COMPILER_APPICON_NAME = AppIcon;
				ASSETCATALOG_COMPILER_GLOBAL_ACCENT_COLOR_NAME = AccentColor;
				CODE_SIGN_STYLE = Automatic;
				CURRENT_PROJECT_VERSION = 1;
				DEVELOPMENT_TEAM = T4TFC62RFB;
				GENERATE_INFOPLIST_FILE = YES;
				INFOPLIST_FILE = YourLine/Info.plist;
				INFOPLIST_KEY_UIApplicationSupportsIndirectInputEvents = YES;
				INFOPLIST_KEY_UILaunchStoryboardName = LaunchScreen;
				INFOPLIST_KEY_UIMainStoryboardFile = Main;
				INFOPLIST_KEY_UISupportedInterfaceOrientations_iPad = "UIInterfaceOrientationPortrait UIInterfaceOrientationPortraitUpsideDown UIInterfaceOrientationLandscapeLeft UIInterfaceOrientationLandscapeRight";
				INFOPLIST_KEY_UISupportedInterfaceOrientations_iPhone = "UIInterfaceOrientationPortrait UIInterfaceOrientationLandscapeLeft UIInterfaceOrientationLandscapeRight";
				LD_RUNPATH_SEARCH_PATHS = (
					"$(inherited)",
					"@executable_path/Frameworks",
				);
				MARKETING_VERSION = 0.1;
				PRODUCT_BUNDLE_IDENTIFIER = com.yourline;
				PRODUCT_NAME = "$(TARGET_NAME)";
				SWIFT_EMIT_LOC_STRINGS = YES;
				SWIFT_VERSION = 5.0;
				TARGETED_DEVICE_FAMILY = "1,2";
			};
			name = Debug;
		};
		F37C893528097C4400F148EB /* Release */ = {
			isa = XCBuildConfiguration;
			baseConfigurationReference = D0698A76A4D133DA97638648 /* Pods-YourLine.release.xcconfig */;
			buildSettings = {
				ASSETCATALOG_COMPILER_APPICON_NAME = AppIcon;
				ASSETCATALOG_COMPILER_GLOBAL_ACCENT_COLOR_NAME = AccentColor;
				CODE_SIGN_STYLE = Automatic;
				CURRENT_PROJECT_VERSION = 1;
				DEVELOPMENT_TEAM = T4TFC62RFB;
				GENERATE_INFOPLIST_FILE = YES;
				INFOPLIST_FILE = YourLine/Info.plist;
				INFOPLIST_KEY_UIApplicationSupportsIndirectInputEvents = YES;
				INFOPLIST_KEY_UILaunchStoryboardName = LaunchScreen;
				INFOPLIST_KEY_UIMainStoryboardFile = Main;
				INFOPLIST_KEY_UISupportedInterfaceOrientations_iPad = "UIInterfaceOrientationPortrait UIInterfaceOrientationPortraitUpsideDown UIInterfaceOrientationLandscapeLeft UIInterfaceOrientationLandscapeRight";
				INFOPLIST_KEY_UISupportedInterfaceOrientations_iPhone = "UIInterfaceOrientationPortrait UIInterfaceOrientationLandscapeLeft UIInterfaceOrientationLandscapeRight";
				LD_RUNPATH_SEARCH_PATHS = (
					"$(inherited)",
					"@executable_path/Frameworks",
				);
				MARKETING_VERSION = 0.1;
				PRODUCT_BUNDLE_IDENTIFIER = com.yourline;
				PRODUCT_NAME = "$(TARGET_NAME)";
				SWIFT_EMIT_LOC_STRINGS = YES;
				SWIFT_VERSION = 5.0;
				TARGETED_DEVICE_FAMILY = "1,2";
			};
			name = Release;
		};
		F37C893728097C4400F148EB /* Debug */ = {
			isa = XCBuildConfiguration;
			baseConfigurationReference = F582069CF3021214A30DF19C /* Pods-YourLineTests.debug.xcconfig */;
			buildSettings = {
				ALWAYS_EMBED_SWIFT_STANDARD_LIBRARIES = YES;
				BUNDLE_LOADER = "$(TEST_HOST)";
				CODE_SIGN_STYLE = Automatic;
				CURRENT_PROJECT_VERSION = 1;
				DEVELOPMENT_TEAM = T4TFC62RFB;
				GENERATE_INFOPLIST_FILE = YES;
				IPHONEOS_DEPLOYMENT_TARGET = 15.4;
				MARKETING_VERSION = 1.0;
				PRODUCT_BUNDLE_IDENTIFIER = "yourline.yourline-iosTests";
				PRODUCT_NAME = "$(TARGET_NAME)";
				SWIFT_EMIT_LOC_STRINGS = NO;
				SWIFT_VERSION = 5.0;
				TARGETED_DEVICE_FAMILY = "1,2";
				TEST_HOST = "$(BUILT_PRODUCTS_DIR)/YourLine.app/YourLine";
			};
			name = Debug;
		};
		F37C893828097C4400F148EB /* Release */ = {
			isa = XCBuildConfiguration;
			baseConfigurationReference = 852C6A584BFFFC61608D2BD9 /* Pods-YourLineTests.release.xcconfig */;
			buildSettings = {
				ALWAYS_EMBED_SWIFT_STANDARD_LIBRARIES = YES;
				BUNDLE_LOADER = "$(TEST_HOST)";
				CODE_SIGN_STYLE = Automatic;
				CURRENT_PROJECT_VERSION = 1;
				DEVELOPMENT_TEAM = T4TFC62RFB;
				GENERATE_INFOPLIST_FILE = YES;
				IPHONEOS_DEPLOYMENT_TARGET = 15.4;
				MARKETING_VERSION = 1.0;
				PRODUCT_BUNDLE_IDENTIFIER = "yourline.yourline-iosTests";
				PRODUCT_NAME = "$(TARGET_NAME)";
				SWIFT_EMIT_LOC_STRINGS = NO;
				SWIFT_VERSION = 5.0;
				TARGETED_DEVICE_FAMILY = "1,2";
				TEST_HOST = "$(BUILT_PRODUCTS_DIR)/YourLine.app/YourLine";
			};
			name = Release;
		};
		F37C893A28097C4400F148EB /* Debug */ = {
			isa = XCBuildConfiguration;
			baseConfigurationReference = 132E7B74848E6A557D95B8A5 /* Pods-YourLine-YourLineUITests.debug.xcconfig */;
			buildSettings = {
				ALWAYS_EMBED_SWIFT_STANDARD_LIBRARIES = YES;
				CODE_SIGN_STYLE = Automatic;
				CURRENT_PROJECT_VERSION = 1;
				DEVELOPMENT_TEAM = T4TFC62RFB;
				GENERATE_INFOPLIST_FILE = YES;
				MARKETING_VERSION = 1.0;
				PRODUCT_BUNDLE_IDENTIFIER = "yourline.yourline-iosUITests";
				PRODUCT_NAME = "$(TARGET_NAME)";
				SWIFT_EMIT_LOC_STRINGS = NO;
				SWIFT_VERSION = 5.0;
				TARGETED_DEVICE_FAMILY = "1,2";
				TEST_TARGET_NAME = "yourline-ios";
			};
			name = Debug;
		};
		F37C893B28097C4400F148EB /* Release */ = {
			isa = XCBuildConfiguration;
			baseConfigurationReference = 66FDE66C53514347F591A217 /* Pods-YourLine-YourLineUITests.release.xcconfig */;
			buildSettings = {
				ALWAYS_EMBED_SWIFT_STANDARD_LIBRARIES = YES;
				CODE_SIGN_STYLE = Automatic;
				CURRENT_PROJECT_VERSION = 1;
				DEVELOPMENT_TEAM = T4TFC62RFB;
				GENERATE_INFOPLIST_FILE = YES;
				MARKETING_VERSION = 1.0;
				PRODUCT_BUNDLE_IDENTIFIER = "yourline.yourline-iosUITests";
				PRODUCT_NAME = "$(TARGET_NAME)";
				SWIFT_EMIT_LOC_STRINGS = NO;
				SWIFT_VERSION = 5.0;
				TARGETED_DEVICE_FAMILY = "1,2";
				TEST_TARGET_NAME = "yourline-ios";
			};
			name = Release;
		};
/* End XCBuildConfiguration section */

/* Begin XCConfigurationList section */
		F37C890128097C4000F148EB /* Build configuration list for PBXProject "YourLine" */ = {
			isa = XCConfigurationList;
			buildConfigurations = (
				F37C893128097C4400F148EB /* Debug */,
				F37C893228097C4400F148EB /* Release */,
			);
			defaultConfigurationIsVisible = 0;
			defaultConfigurationName = Release;
		};
		F37C893328097C4400F148EB /* Build configuration list for PBXNativeTarget "YourLine" */ = {
			isa = XCConfigurationList;
			buildConfigurations = (
				F37C893428097C4400F148EB /* Debug */,
				F37C893528097C4400F148EB /* Release */,
			);
			defaultConfigurationIsVisible = 0;
			defaultConfigurationName = Release;
		};
		F37C893628097C4400F148EB /* Build configuration list for PBXNativeTarget "YourLineTests" */ = {
			isa = XCConfigurationList;
			buildConfigurations = (
				F37C893728097C4400F148EB /* Debug */,
				F37C893828097C4400F148EB /* Release */,
			);
			defaultConfigurationIsVisible = 0;
			defaultConfigurationName = Release;
		};
		F37C893928097C4400F148EB /* Build configuration list for PBXNativeTarget "YourLineUITests" */ = {
			isa = XCConfigurationList;
			buildConfigurations = (
				F37C893A28097C4400F148EB /* Debug */,
				F37C893B28097C4400F148EB /* Release */,
			);
			defaultConfigurationIsVisible = 0;
			defaultConfigurationName = Release;
		};
/* End XCConfigurationList section */

/* Begin XCVersionGroup section */
		F37C891228097C4000F148EB /* YourLine.xcdatamodeld */ = {
			isa = XCVersionGroup;
			children = (
				F37C891328097C4000F148EB /* yourline_ios.xcdatamodel */,
			);
			currentVersion = F37C891328097C4000F148EB /* yourline_ios.xcdatamodel */;
			path = YourLine.xcdatamodeld;
			sourceTree = "<group>";
			versionGroupType = wrapper.xcdatamodel;
		};
/* End XCVersionGroup section */
	};
	rootObject = F37C88FE28097C4000F148EB /* Project object */;
}
