// !$*UTF8*$!
{
	archiveVersion = 1;
	classes = {
	};
	objectVersion = 55;
	objects = {

/* Begin PBXBuildFile section */
		F37C890A28097C4000F148EB /* AppDelegate.swift in Sources */ = {isa = PBXBuildFile; fileRef = F37C890928097C4000F148EB /* AppDelegate.swift */; };
		F37C890C28097C4000F148EB /* SceneDelegate.swift in Sources */ = {isa = PBXBuildFile; fileRef = F37C890B28097C4000F148EB /* SceneDelegate.swift */; };
		F37C890E28097C4000F148EB /* ViewController.swift in Sources */ = {isa = PBXBuildFile; fileRef = F37C890D28097C4000F148EB /* ViewController.swift */; };
		F37C891128097C4000F148EB /* Main.storyboard in Resources */ = {isa = PBXBuildFile; fileRef = F37C890F28097C4000F148EB /* Main.storyboard */; };
		F37C891428097C4000F148EB /* yourline_ios.xcdatamodeld in Sources */ = {isa = PBXBuildFile; fileRef = F37C891228097C4000F148EB /* yourline_ios.xcdatamodeld */; };
		F37C891628097C4400F148EB /* Assets.xcassets in Resources */ = {isa = PBXBuildFile; fileRef = F37C891528097C4400F148EB /* Assets.xcassets */; };
		F37C891928097C4400F148EB /* LaunchScreen.storyboard in Resources */ = {isa = PBXBuildFile; fileRef = F37C891728097C4400F148EB /* LaunchScreen.storyboard */; };
		F37C892428097C4400F148EB /* yourline_iosTests.swift in Sources */ = {isa = PBXBuildFile; fileRef = F37C892328097C4400F148EB /* yourline_iosTests.swift */; };
		F37C892E28097C4400F148EB /* yourline_iosUITests.swift in Sources */ = {isa = PBXBuildFile; fileRef = F37C892D28097C4400F148EB /* yourline_iosUITests.swift */; };
		F37C893028097C4400F148EB /* yourline_iosUITestsLaunchTests.swift in Sources */ = {isa = PBXBuildFile; fileRef = F37C892F28097C4400F148EB /* yourline_iosUITestsLaunchTests.swift */; };
/* End PBXBuildFile section */

/* Begin PBXContainerItemProxy section */
		F37C892028097C4400F148EB /* PBXContainerItemProxy */ = {
			isa = PBXContainerItemProxy;
			containerPortal = F37C88FE28097C4000F148EB /* Project object */;
			proxyType = 1;
			remoteGlobalIDString = F37C890528097C4000F148EB;
			remoteInfo = "yourline-ios";
		};
		F37C892A28097C4400F148EB /* PBXContainerItemProxy */ = {
			isa = PBXContainerItemProxy;
			containerPortal = F37C88FE28097C4000F148EB /* Project object */;
			proxyType = 1;
			remoteGlobalIDString = F37C890528097C4000F148EB;
			remoteInfo = "yourline-ios";
		};
/* End PBXContainerItemProxy section */

/* Begin PBXFileReference section */
		F37C890628097C4000F148EB /* yourline-ios.app */ = {isa = PBXFileReference; explicitFileType = wrapper.application; includeInIndex = 0; path = "yourline-ios.app"; sourceTree = BUILT_PRODUCTS_DIR; };
		F37C890928097C4000F148EB /* AppDelegate.swift */ = {isa = PBXFileReference; lastKnownFileType = sourcecode.swift; path = AppDelegate.swift; sourceTree = "<group>"; };
		F37C890B28097C4000F148EB /* SceneDelegate.swift */ = {isa = PBXFileReference; lastKnownFileType = sourcecode.swift; path = SceneDelegate.swift; sourceTree = "<group>"; };
		F37C890D28097C4000F148EB /* ViewController.swift */ = {isa = PBXFileReference; lastKnownFileType = sourcecode.swift; path = ViewController.swift; sourceTree = "<group>"; };
		F37C891028097C4000F148EB /* Base */ = {isa = PBXFileReference; lastKnownFileType = file.storyboard; name = Base; path = Base.lproj/Main.storyboard; sourceTree = "<group>"; };
		F37C891328097C4000F148EB /* yourline_ios.xcdatamodel */ = {isa = PBXFileReference; lastKnownFileType = wrapper.xcdatamodel; path = yourline_ios.xcdatamodel; sourceTree = "<group>"; };
		F37C891528097C4400F148EB /* Assets.xcassets */ = {isa = PBXFileReference; lastKnownFileType = folder.assetcatalog; path = Assets.xcassets; sourceTree = "<group>"; };
		F37C891828097C4400F148EB /* Base */ = {isa = PBXFileReference; lastKnownFileType = file.storyboard; name = Base; path = Base.lproj/LaunchScreen.storyboard; sourceTree = "<group>"; };
		F37C891A28097C4400F148EB /* Info.plist */ = {isa = PBXFileReference; lastKnownFileType = text.plist.xml; path = Info.plist; sourceTree = "<group>"; };
		F37C891F28097C4400F148EB /* yourline-iosTests.xctest */ = {isa = PBXFileReference; explicitFileType = wrapper.cfbundle; includeInIndex = 0; path = "yourline-iosTests.xctest"; sourceTree = BUILT_PRODUCTS_DIR; };
		F37C892328097C4400F148EB /* yourline_iosTests.swift */ = {isa = PBXFileReference; lastKnownFileType = sourcecode.swift; path = yourline_iosTests.swift; sourceTree = "<group>"; };
		F37C892928097C4400F148EB /* yourline-iosUITests.xctest */ = {isa = PBXFileReference; explicitFileType = wrapper.cfbundle; includeInIndex = 0; path = "yourline-iosUITests.xctest"; sourceTree = BUILT_PRODUCTS_DIR; };
		F37C892D28097C4400F148EB /* yourline_iosUITests.swift */ = {isa = PBXFileReference; lastKnownFileType = sourcecode.swift; path = yourline_iosUITests.swift; sourceTree = "<group>"; };
		F37C892F28097C4400F148EB /* yourline_iosUITestsLaunchTests.swift */ = {isa = PBXFileReference; lastKnownFileType = sourcecode.swift; path = yourline_iosUITestsLaunchTests.swift; sourceTree = "<group>"; };
/* End PBXFileReference section */

/* Begin PBXFrameworksBuildPhase section */
		F37C890328097C4000F148EB /* Frameworks */ = {
			isa = PBXFrameworksBuildPhase;
			buildActionMask = 2147483647;
			files = (
			);
			runOnlyForDeploymentPostprocessing = 0;
		};
		F37C891C28097C4400F148EB /* Frameworks */ = {
			isa = PBXFrameworksBuildPhase;
			buildActionMask = 2147483647;
			files = (
			);
			runOnlyForDeploymentPostprocessing = 0;
		};
		F37C892628097C4400F148EB /* Frameworks */ = {
			isa = PBXFrameworksBuildPhase;
			buildActionMask = 2147483647;
			files = (
			);
			runOnlyForDeploymentPostprocessing = 0;
		};
/* End PBXFrameworksBuildPhase section */

/* Begin PBXGroup section */
		F37C88FD28097C4000F148EB = {
			isa = PBXGroup;
			children = (
				F37C890828097C4000F148EB /* yourline-ios */,
				F37C892228097C4400F148EB /* yourline-iosTests */,
				F37C892C28097C4400F148EB /* yourline-iosUITests */,
				F37C890728097C4000F148EB /* Products */,
			);
			sourceTree = "<group>";
		};
		F37C890728097C4000F148EB /* Products */ = {
			isa = PBXGroup;
			children = (
				F37C890628097C4000F148EB /* yourline-ios.app */,
				F37C891F28097C4400F148EB /* yourline-iosTests.xctest */,
				F37C892928097C4400F148EB /* yourline-iosUITests.xctest */,
			);
			name = Products;
			sourceTree = "<group>";
		};
		F37C890828097C4000F148EB /* yourline-ios */ = {
			isa = PBXGroup;
			children = (
				F37C890928097C4000F148EB /* AppDelegate.swift */,
				F37C890B28097C4000F148EB /* SceneDelegate.swift */,
				F37C890D28097C4000F148EB /* ViewController.swift */,
				F37C890F28097C4000F148EB /* Main.storyboard */,
				F37C891528097C4400F148EB /* Assets.xcassets */,
				F37C891728097C4400F148EB /* LaunchScreen.storyboard */,
				F37C891A28097C4400F148EB /* Info.plist */,
				F37C891228097C4000F148EB /* yourline_ios.xcdatamodeld */,
			);
			path = "yourline-ios";
			sourceTree = "<group>";
		};
		F37C892228097C4400F148EB /* yourline-iosTests */ = {
			isa = PBXGroup;
			children = (
				F37C892328097C4400F148EB /* yourline_iosTests.swift */,
			);
			path = "yourline-iosTests";
			sourceTree = "<group>";
		};
		F37C892C28097C4400F148EB /* yourline-iosUITests */ = {
			isa = PBXGroup;
			children = (
				F37C892D28097C4400F148EB /* yourline_iosUITests.swift */,
				F37C892F28097C4400F148EB /* yourline_iosUITestsLaunchTests.swift */,
			);
			path = "yourline-iosUITests";
			sourceTree = "<group>";
		};
/* End PBXGroup section */

/* Begin PBXNativeTarget section */
		F37C890528097C4000F148EB /* yourline-ios */ = {
			isa = PBXNativeTarget;
			buildConfigurationList = F37C893328097C4400F148EB /* Build configuration list for PBXNativeTarget "yourline-ios" */;
			buildPhases = (
				F37C890228097C4000F148EB /* Sources */,
				F37C890328097C4000F148EB /* Frameworks */,
				F37C890428097C4000F148EB /* Resources */,
			);
			buildRules = (
			);
			dependencies = (
			);
			name = "yourline-ios";
			productName = "yourline-ios";
			productReference = F37C890628097C4000F148EB /* yourline-ios.app */;
			productType = "com.apple.product-type.application";
		};
		F37C891E28097C4400F148EB /* yourline-iosTests */ = {
			isa = PBXNativeTarget;
			buildConfigurationList = F37C893628097C4400F148EB /* Build configuration list for PBXNativeTarget "yourline-iosTests" */;
			buildPhases = (
				F37C891B28097C4400F148EB /* Sources */,
				F37C891C28097C4400F148EB /* Frameworks */,
				F37C891D28097C4400F148EB /* Resources */,
			);
			buildRules = (
			);
			dependencies = (
				F37C892128097C4400F148EB /* PBXTargetDependency */,
			);
			name = "yourline-iosTests";
			productName = "yourline-iosTests";
			productReference = F37C891F28097C4400F148EB /* yourline-iosTests.xctest */;
			productType = "com.apple.product-type.bundle.unit-test";
		};
		F37C892828097C4400F148EB /* yourline-iosUITests */ = {
			isa = PBXNativeTarget;
			buildConfigurationList = F37C893928097C4400F148EB /* Build configuration list for PBXNativeTarget "yourline-iosUITests" */;
			buildPhases = (
				F37C892528097C4400F148EB /* Sources */,
				F37C892628097C4400F148EB /* Frameworks */,
				F37C892728097C4400F148EB /* Resources */,
			);
			buildRules = (
			);
			dependencies = (
				F37C892B28097C4400F148EB /* PBXTargetDependency */,
			);
			name = "yourline-iosUITests";
			productName = "yourline-iosUITests";
			productReference = F37C892928097C4400F148EB /* yourline-iosUITests.xctest */;
			productType = "com.apple.product-type.bundle.ui-testing";
		};
/* End PBXNativeTarget section */

/* Begin PBXProject section */
		F37C88FE28097C4000F148EB /* Project object */ = {
			isa = PBXProject;
			attributes = {
				BuildIndependentTargetsInParallel = 1;
				LastSwiftUpdateCheck = 1330;
				LastUpgradeCheck = 1330;
				TargetAttributes = {
					F37C890528097C4000F148EB = {
						CreatedOnToolsVersion = 13.3;
					};
					F37C891E28097C4400F148EB = {
						CreatedOnToolsVersion = 13.3;
						TestTargetID = F37C890528097C4000F148EB;
					};
					F37C892828097C4400F148EB = {
						CreatedOnToolsVersion = 13.3;
						TestTargetID = F37C890528097C4000F148EB;
					};
				};
			};
			buildConfigurationList = F37C890128097C4000F148EB /* Build configuration list for PBXProject "yourline-ios" */;
			compatibilityVersion = "Xcode 13.0";
			developmentRegion = en;
			hasScannedForEncodings = 0;
			knownRegions = (
				en,
				Base,
			);
			mainGroup = F37C88FD28097C4000F148EB;
			productRefGroup = F37C890728097C4000F148EB /* Products */;
			projectDirPath = "";
			projectRoot = "";
			targets = (
				F37C890528097C4000F148EB /* yourline-ios */,
				F37C891E28097C4400F148EB /* yourline-iosTests */,
				F37C892828097C4400F148EB /* yourline-iosUITests */,
			);
		};
/* End PBXProject section */

/* Begin PBXResourcesBuildPhase section */
		F37C890428097C4000F148EB /* Resources */ = {
			isa = PBXResourcesBuildPhase;
			buildActionMask = 2147483647;
			files = (
				F37C891928097C4400F148EB /* LaunchScreen.storyboard in Resources */,
				F37C891628097C4400F148EB /* Assets.xcassets in Resources */,
				F37C891128097C4000F148EB /* Main.storyboard in Resources */,
			);
			runOnlyForDeploymentPostprocessing = 0;
		};
		F37C891D28097C4400F148EB /* Resources */ = {
			isa = PBXResourcesBuildPhase;
			buildActionMask = 2147483647;
			files = (
			);
			runOnlyForDeploymentPostprocessing = 0;
		};
		F37C892728097C4400F148EB /* Resources */ = {
			isa = PBXResourcesBuildPhase;
			buildActionMask = 2147483647;
			files = (
			);
			runOnlyForDeploymentPostprocessing = 0;
		};
/* End PBXResourcesBuildPhase section */

/* Begin PBXSourcesBuildPhase section */
		F37C890228097C4000F148EB /* Sources */ = {
			isa = PBXSourcesBuildPhase;
			buildActionMask = 2147483647;
			files = (
				F37C890E28097C4000F148EB /* ViewController.swift in Sources */,
				F37C890A28097C4000F148EB /* AppDelegate.swift in Sources */,
				F37C891428097C4000F148EB /* yourline_ios.xcdatamodeld in Sources */,
				F37C890C28097C4000F148EB /* SceneDelegate.swift in Sources */,
			);
			runOnlyForDeploymentPostprocessing = 0;
		};
		F37C891B28097C4400F148EB /* Sources */ = {
			isa = PBXSourcesBuildPhase;
			buildActionMask = 2147483647;
			files = (
				F37C892428097C4400F148EB /* yourline_iosTests.swift in Sources */,
			);
			runOnlyForDeploymentPostprocessing = 0;
		};
		F37C892528097C4400F148EB /* Sources */ = {
			isa = PBXSourcesBuildPhase;
			buildActionMask = 2147483647;
			files = (
				F37C892E28097C4400F148EB /* yourline_iosUITests.swift in Sources */,
				F37C893028097C4400F148EB /* yourline_iosUITestsLaunchTests.swift in Sources */,
			);
			runOnlyForDeploymentPostprocessing = 0;
		};
/* End PBXSourcesBuildPhase section */

/* Begin PBXTargetDependency section */
		F37C892128097C4400F148EB /* PBXTargetDependency */ = {
			isa = PBXTargetDependency;
			target = F37C890528097C4000F148EB /* yourline-ios */;
			targetProxy = F37C892028097C4400F148EB /* PBXContainerItemProxy */;
		};
		F37C892B28097C4400F148EB /* PBXTargetDependency */ = {
			isa = PBXTargetDependency;
			target = F37C890528097C4000F148EB /* yourline-ios */;
			targetProxy = F37C892A28097C4400F148EB /* PBXContainerItemProxy */;
		};
/* End PBXTargetDependency section */

/* Begin PBXVariantGroup section */
		F37C890F28097C4000F148EB /* Main.storyboard */ = {
			isa = PBXVariantGroup;
			children = (
				F37C891028097C4000F148EB /* Base */,
			);
			name = Main.storyboard;
			sourceTree = "<group>";
		};
		F37C891728097C4400F148EB /* LaunchScreen.storyboard */ = {
			isa = PBXVariantGroup;
			children = (
				F37C891828097C4400F148EB /* Base */,
			);
			name = LaunchScreen.storyboard;
			sourceTree = "<group>";
		};
/* End PBXVariantGroup section */

/* Begin XCBuildConfiguration section */
		F37C893128097C4400F148EB /* Debug */ = {
			isa = XCBuildConfiguration;
			buildSettings = {
				ALWAYS_SEARCH_USER_PATHS = NO;
				CLANG_ANALYZER_NONNULL = YES;
				CLANG_ANALYZER_NUMBER_OBJECT_CONVERSION = YES_AGGRESSIVE;
				CLANG_CXX_LANGUAGE_STANDARD = "gnu++17";
				CLANG_ENABLE_MODULES = YES;
				CLANG_ENABLE_OBJC_ARC = YES;
				CLANG_ENABLE_OBJC_WEAK = YES;
				CLANG_WARN_BLOCK_CAPTURE_AUTORELEASING = YES;
				CLANG_WARN_BOOL_CONVERSION = YES;
				CLANG_WARN_COMMA = YES;
				CLANG_WARN_CONSTANT_CONVERSION = YES;
				CLANG_WARN_DEPRECATED_OBJC_IMPLEMENTATIONS = YES;
				CLANG_WARN_DIRECT_OBJC_ISA_USAGE = YES_ERROR;
				CLANG_WARN_DOCUMENTATION_COMMENTS = YES;
				CLANG_WARN_EMPTY_BODY = YES;
				CLANG_WARN_ENUM_CONVERSION = YES;
				CLANG_WARN_INFINITE_RECURSION = YES;
				CLANG_WARN_INT_CONVERSION = YES;
				CLANG_WARN_NON_LITERAL_NULL_CONVERSION = YES;
				CLANG_WARN_OBJC_IMPLICIT_RETAIN_SELF = YES;
				CLANG_WARN_OBJC_LITERAL_CONVERSION = YES;
				CLANG_WARN_OBJC_ROOT_CLASS = YES_ERROR;
				CLANG_WARN_QUOTED_INCLUDE_IN_FRAMEWORK_HEADER = YES;
				CLANG_WARN_RANGE_LOOP_ANALYSIS = YES;
				CLANG_WARN_STRICT_PROTOTYPES = YES;
				CLANG_WARN_SUSPICIOUS_MOVE = YES;
				CLANG_WARN_UNGUARDED_AVAILABILITY = YES_AGGRESSIVE;
				CLANG_WARN_UNREACHABLE_CODE = YES;
				CLANG_WARN__DUPLICATE_METHOD_MATCH = YES;
				COPY_PHASE_STRIP = NO;
				DEBUG_INFORMATION_FORMAT = dwarf;
				ENABLE_STRICT_OBJC_MSGSEND = YES;
				ENABLE_TESTABILITY = YES;
				GCC_C_LANGUAGE_STANDARD = gnu11;
				GCC_DYNAMIC_NO_PIC = NO;
				GCC_NO_COMMON_BLOCKS = YES;
				GCC_OPTIMIZATION_LEVEL = 0;
				GCC_PREPROCESSOR_DEFINITIONS = (
					"DEBUG=1",
					"$(inherited)",
				);
				GCC_WARN_64_TO_32_BIT_CONVERSION = YES;
				GCC_WARN_ABOUT_RETURN_TYPE = YES_ERROR;
				GCC_WARN_UNDECLARED_SELECTOR = YES;
				GCC_WARN_UNINITIALIZED_AUTOS = YES_AGGRESSIVE;
				GCC_WARN_UNUSED_FUNCTION = YES;
				GCC_WARN_UNUSED_VARIABLE = YES;
				IPHONEOS_DEPLOYMENT_TARGET = 15.4;
				MTL_ENABLE_DEBUG_INFO = INCLUDE_SOURCE;
				MTL_FAST_MATH = YES;
				ONLY_ACTIVE_ARCH = YES;
				SDKROOT = iphoneos;
				SWIFT_ACTIVE_COMPILATION_CONDITIONS = DEBUG;
				SWIFT_OPTIMIZATION_LEVEL = "-Onone";
			};
			name = Debug;
		};
		F37C893228097C4400F148EB /* Release */ = {
			isa = XCBuildConfiguration;
			buildSettings = {
				ALWAYS_SEARCH_USER_PATHS = NO;
				CLANG_ANALYZER_NONNULL = YES;
				CLANG_ANALYZER_NUMBER_OBJECT_CONVERSION = YES_AGGRESSIVE;
				CLANG_CXX_LANGUAGE_STANDARD = "gnu++17";
				CLANG_ENABLE_MODULES = YES;
				CLANG_ENABLE_OBJC_ARC = YES;
				CLANG_ENABLE_OBJC_WEAK = YES;
				CLANG_WARN_BLOCK_CAPTURE_AUTORELEASING = YES;
				CLANG_WARN_BOOL_CONVERSION = YES;
				CLANG_WARN_COMMA = YES;
				CLANG_WARN_CONSTANT_CONVERSION = YES;
				CLANG_WARN_DEPRECATED_OBJC_IMPLEMENTATIONS = YES;
				CLANG_WARN_DIRECT_OBJC_ISA_USAGE = YES_ERROR;
				CLANG_WARN_DOCUMENTATION_COMMENTS = YES;
				CLANG_WARN_EMPTY_BODY = YES;
				CLANG_WARN_ENUM_CONVERSION = YES;
				CLANG_WARN_INFINITE_RECURSION = YES;
				CLANG_WARN_INT_CONVERSION = YES;
				CLANG_WARN_NON_LITERAL_NULL_CONVERSION = YES;
				CLANG_WARN_OBJC_IMPLICIT_RETAIN_SELF = YES;
				CLANG_WARN_OBJC_LITERAL_CONVERSION = YES;
				CLANG_WARN_OBJC_ROOT_CLASS = YES_ERROR;
				CLANG_WARN_QUOTED_INCLUDE_IN_FRAMEWORK_HEADER = YES;
				CLANG_WARN_RANGE_LOOP_ANALYSIS = YES;
				CLANG_WARN_STRICT_PROTOTYPES = YES;
				CLANG_WARN_SUSPICIOUS_MOVE = YES;
				CLANG_WARN_UNGUARDED_AVAILABILITY = YES_AGGRESSIVE;
				CLANG_WARN_UNREACHABLE_CODE = YES;
				CLANG_WARN__DUPLICATE_METHOD_MATCH = YES;
				COPY_PHASE_STRIP = NO;
				DEBUG_INFORMATION_FORMAT = "dwarf-with-dsym";
				ENABLE_NS_ASSERTIONS = NO;
				ENABLE_STRICT_OBJC_MSGSEND = YES;
				GCC_C_LANGUAGE_STANDARD = gnu11;
				GCC_NO_COMMON_BLOCKS = YES;
				GCC_WARN_64_TO_32_BIT_CONVERSION = YES;
				GCC_WARN_ABOUT_RETURN_TYPE = YES_ERROR;
				GCC_WARN_UNDECLARED_SELECTOR = YES;
				GCC_WARN_UNINITIALIZED_AUTOS = YES_AGGRESSIVE;
				GCC_WARN_UNUSED_FUNCTION = YES;
				GCC_WARN_UNUSED_VARIABLE = YES;
				IPHONEOS_DEPLOYMENT_TARGET = 15.4;
				MTL_ENABLE_DEBUG_INFO = NO;
				MTL_FAST_MATH = YES;
				SDKROOT = iphoneos;
				SWIFT_COMPILATION_MODE = wholemodule;
				SWIFT_OPTIMIZATION_LEVEL = "-O";
				VALIDATE_PRODUCT = YES;
			};
			name = Release;
		};
		F37C893428097C4400F148EB /* Debug */ = {
			isa = XCBuildConfiguration;
			buildSettings = {
				ASSETCATALOG_COMPILER_APPICON_NAME = AppIcon;
				ASSETCATALOG_COMPILER_GLOBAL_ACCENT_COLOR_NAME = AccentColor;
				CODE_SIGN_STYLE = Automatic;
				CURRENT_PROJECT_VERSION = 1;
				DEVELOPMENT_TEAM = T4TFC62RFB;
				GENERATE_INFOPLIST_FILE = YES;
				INFOPLIST_FILE = "yourline-ios/Info.plist";
				INFOPLIST_KEY_UIApplicationSupportsIndirectInputEvents = YES;
				INFOPLIST_KEY_UILaunchStoryboardName = LaunchScreen;
				INFOPLIST_KEY_UIMainStoryboardFile = Main;
				INFOPLIST_KEY_UISupportedInterfaceOrientations_iPad = "UIInterfaceOrientationPortrait UIInterfaceOrientationPortraitUpsideDown UIInterfaceOrientationLandscapeLeft UIInterfaceOrientationLandscapeRight";
				INFOPLIST_KEY_UISupportedInterfaceOrientations_iPhone = "UIInterfaceOrientationPortrait UIInterfaceOrientationLandscapeLeft UIInterfaceOrientationLandscapeRight";
				LD_RUNPATH_SEARCH_PATHS = (
					"$(inherited)",
					"@executable_path/Frameworks",
				);
				MARKETING_VERSION = 1.0;
				PRODUCT_BUNDLE_IDENTIFIER = "yourline.yourline-ios";
				PRODUCT_NAME = "$(TARGET_NAME)";
				SWIFT_EMIT_LOC_STRINGS = YES;
				SWIFT_VERSION = 5.0;
				TARGETED_DEVICE_FAMILY = "1,2";
			};
			name = Debug;
		};
		F37C893528097C4400F148EB /* Release */ = {
			isa = XCBuildConfiguration;
			buildSettings = {
				ASSETCATALOG_COMPILER_APPICON_NAME = AppIcon;
				ASSETCATALOG_COMPILER_GLOBAL_ACCENT_COLOR_NAME = AccentColor;
				CODE_SIGN_STYLE = Automatic;
				CURRENT_PROJECT_VERSION = 1;
				DEVELOPMENT_TEAM = T4TFC62RFB;
				GENERATE_INFOPLIST_FILE = YES;
				INFOPLIST_FILE = "yourline-ios/Info.plist";
				INFOPLIST_KEY_UIApplicationSupportsIndirectInputEvents = YES;
				INFOPLIST_KEY_UILaunchStoryboardName = LaunchScreen;
				INFOPLIST_KEY_UIMainStoryboardFile = Main;
				INFOPLIST_KEY_UISupportedInterfaceOrientations_iPad = "UIInterfaceOrientationPortrait UIInterfaceOrientationPortraitUpsideDown UIInterfaceOrientationLandscapeLeft UIInterfaceOrientationLandscapeRight";
				INFOPLIST_KEY_UISupportedInterfaceOrientations_iPhone = "UIInterfaceOrientationPortrait UIInterfaceOrientationLandscapeLeft UIInterfaceOrientationLandscapeRight";
				LD_RUNPATH_SEARCH_PATHS = (
					"$(inherited)",
					"@executable_path/Frameworks",
				);
				MARKETING_VERSION = 1.0;
				PRODUCT_BUNDLE_IDENTIFIER = "yourline.yourline-ios";
				PRODUCT_NAME = "$(TARGET_NAME)";
				SWIFT_EMIT_LOC_STRINGS = YES;
				SWIFT_VERSION = 5.0;
				TARGETED_DEVICE_FAMILY = "1,2";
			};
			name = Release;
		};
		F37C893728097C4400F148EB /* Debug */ = {
			isa = XCBuildConfiguration;
			buildSettings = {
				ALWAYS_EMBED_SWIFT_STANDARD_LIBRARIES = YES;
				BUNDLE_LOADER = "$(TEST_HOST)";
				CODE_SIGN_STYLE = Automatic;
				CURRENT_PROJECT_VERSION = 1;
				DEVELOPMENT_TEAM = T4TFC62RFB;
				GENERATE_INFOPLIST_FILE = YES;
				IPHONEOS_DEPLOYMENT_TARGET = 15.4;
				MARKETING_VERSION = 1.0;
				PRODUCT_BUNDLE_IDENTIFIER = "yourline.yourline-iosTests";
				PRODUCT_NAME = "$(TARGET_NAME)";
				SWIFT_EMIT_LOC_STRINGS = NO;
				SWIFT_VERSION = 5.0;
				TARGETED_DEVICE_FAMILY = "1,2";
				TEST_HOST = "$(BUILT_PRODUCTS_DIR)/yourline-ios.app/yourline-ios";
			};
			name = Debug;
		};
		F37C893828097C4400F148EB /* Release */ = {
			isa = XCBuildConfiguration;
			buildSettings = {
				ALWAYS_EMBED_SWIFT_STANDARD_LIBRARIES = YES;
				BUNDLE_LOADER = "$(TEST_HOST)";
				CODE_SIGN_STYLE = Automatic;
				CURRENT_PROJECT_VERSION = 1;
				DEVELOPMENT_TEAM = T4TFC62RFB;
				GENERATE_INFOPLIST_FILE = YES;
				IPHONEOS_DEPLOYMENT_TARGET = 15.4;
				MARKETING_VERSION = 1.0;
				PRODUCT_BUNDLE_IDENTIFIER = "yourline.yourline-iosTests";
				PRODUCT_NAME = "$(TARGET_NAME)";
				SWIFT_EMIT_LOC_STRINGS = NO;
				SWIFT_VERSION = 5.0;
				TARGETED_DEVICE_FAMILY = "1,2";
				TEST_HOST = "$(BUILT_PRODUCTS_DIR)/yourline-ios.app/yourline-ios";
			};
			name = Release;
		};
		F37C893A28097C4400F148EB /* Debug */ = {
			isa = XCBuildConfiguration;
			buildSettings = {
				ALWAYS_EMBED_SWIFT_STANDARD_LIBRARIES = YES;
				CODE_SIGN_STYLE = Automatic;
				CURRENT_PROJECT_VERSION = 1;
				DEVELOPMENT_TEAM = T4TFC62RFB;
				GENERATE_INFOPLIST_FILE = YES;
				MARKETING_VERSION = 1.0;
				PRODUCT_BUNDLE_IDENTIFIER = "yourline.yourline-iosUITests";
				PRODUCT_NAME = "$(TARGET_NAME)";
				SWIFT_EMIT_LOC_STRINGS = NO;
				SWIFT_VERSION = 5.0;
				TARGETED_DEVICE_FAMILY = "1,2";
				TEST_TARGET_NAME = "yourline-ios";
			};
			name = Debug;
		};
		F37C893B28097C4400F148EB /* Release */ = {
			isa = XCBuildConfiguration;
			buildSettings = {
				ALWAYS_EMBED_SWIFT_STANDARD_LIBRARIES = YES;
				CODE_SIGN_STYLE = Automatic;
				CURRENT_PROJECT_VERSION = 1;
				DEVELOPMENT_TEAM = T4TFC62RFB;
				GENERATE_INFOPLIST_FILE = YES;
				MARKETING_VERSION = 1.0;
				PRODUCT_BUNDLE_IDENTIFIER = "yourline.yourline-iosUITests";
				PRODUCT_NAME = "$(TARGET_NAME)";
				SWIFT_EMIT_LOC_STRINGS = NO;
				SWIFT_VERSION = 5.0;
				TARGETED_DEVICE_FAMILY = "1,2";
				TEST_TARGET_NAME = "yourline-ios";
			};
			name = Release;
		};
/* End XCBuildConfiguration section */

/* Begin XCConfigurationList section */
		F37C890128097C4000F148EB /* Build configuration list for PBXProject "yourline-ios" */ = {
			isa = XCConfigurationList;
			buildConfigurations = (
				F37C893128097C4400F148EB /* Debug */,
				F37C893228097C4400F148EB /* Release */,
			);
			defaultConfigurationIsVisible = 0;
			defaultConfigurationName = Release;
		};
		F37C893328097C4400F148EB /* Build configuration list for PBXNativeTarget "yourline-ios" */ = {
			isa = XCConfigurationList;
			buildConfigurations = (
				F37C893428097C4400F148EB /* Debug */,
				F37C893528097C4400F148EB /* Release */,
			);
			defaultConfigurationIsVisible = 0;
			defaultConfigurationName = Release;
		};
		F37C893628097C4400F148EB /* Build configuration list for PBXNativeTarget "yourline-iosTests" */ = {
			isa = XCConfigurationList;
			buildConfigurations = (
				F37C893728097C4400F148EB /* Debug */,
				F37C893828097C4400F148EB /* Release */,
			);
			defaultConfigurationIsVisible = 0;
			defaultConfigurationName = Release;
		};
		F37C893928097C4400F148EB /* Build configuration list for PBXNativeTarget "yourline-iosUITests" */ = {
			isa = XCConfigurationList;
			buildConfigurations = (
				F37C893A28097C4400F148EB /* Debug */,
				F37C893B28097C4400F148EB /* Release */,
			);
			defaultConfigurationIsVisible = 0;
			defaultConfigurationName = Release;
		};
/* End XCConfigurationList section */

/* Begin XCVersionGroup section */
		F37C891228097C4000F148EB /* yourline_ios.xcdatamodeld */ = {
			isa = XCVersionGroup;
			children = (
				F37C891328097C4000F148EB /* yourline_ios.xcdatamodel */,
			);
			currentVersion = F37C891328097C4000F148EB /* yourline_ios.xcdatamodel */;
			path = yourline_ios.xcdatamodeld;
			sourceTree = "<group>";
			versionGroupType = wrapper.xcdatamodel;
		};
/* End XCVersionGroup section */
	};
	rootObject = F37C88FE28097C4000F148EB /* Project object */;
}
